PODS:
  - Alamofire (5.6.2)
  - AlignedCollectionViewFlowLayout (1.1.2)
  - FloatingPanel (2.5.4)
  - IQKeyboardManagerSwift (6.5.10)
  - NMapsMap (3.16.0)
  - Realm (10.29.0):
    - Realm/Headers (= 10.29.0)
  - Realm/Headers (10.29.0)
  - RealmSwift (10.29.0):
    - Realm (= 10.29.0)
  - SnapKit (5.6.0)

DEPENDENCIES:
  - Alamofire
  - AlignedCollectionViewFlowLayout
  - FloatingPanel
  - IQKeyboardManagerSwift
  - NMapsMap
  - RealmSwift (~> 10)
  - SnapKit (~> 5.6.0)

SPEC REPOS:
  trunk:
    - Alamofire
    - AlignedCollectionViewFlowLayout
    - FloatingPanel
    - IQKeyboardManagerSwift
    - NMapsMap
    - Realm
    - RealmSwift
    - SnapKit

SPEC CHECKSUMS:
  Alamofire: d368e1ff8a298e6dde360e35a3e68e6c610e7204
  AlignedCollectionViewFlowLayout: ee2ef451e741ec08f8e0967d828001e2f051c20a
  FloatingPanel: 387377aa46a9b088e5f8f5f2a8d2c00c61e67298
  IQKeyboardManagerSwift: 52962c76ab33532f15ad9f3ff4e5715eda5335bb
  NMapsMap: a2593320fca2bb09e521c05b4dffee4da42e96ed
  Realm: 5596770daeff1ad76c8eb10d5947dc10472da779
  RealmSwift: 35d8d318b7e5a8dbc7096c2a243184e4d19abcc0
  SnapKit: e01d52ebb8ddbc333eefe2132acf85c8227d9c25

PODFILE CHECKSUM: bc0ccb01696f9293457d50acf0f2dada92de653b

COCOAPODS: 1.11.3
