PODS:
  - Alamofire (5.6.2)
  - AlignedCollectionViewFlowLayout (1.1.2)
  - NMapsMap (3.15.0)
  - Realm (10.28.5):
    - Realm/Headers (= 10.28.5)
  - Realm/Headers (10.28.5)
  - RealmSwift (10.28.5):
    - Realm (= 10.28.5)
  - SnapKit (5.6.0)

DEPENDENCIES:
  - Alamofire
  - AlignedCollectionViewFlowLayout
  - NMapsMap
  - RealmSwift
  - SnapKit (~> 5.6.0)

SPEC REPOS:
  trunk:
    - Alamofire
    - AlignedCollectionViewFlowLayout
    - NMapsMap
    - Realm
    - RealmSwift
    - SnapKit

SPEC CHECKSUMS:
  Alamofire: d368e1ff8a298e6dde360e35a3e68e6c610e7204
  AlignedCollectionViewFlowLayout: ee2ef451e741ec08f8e0967d828001e2f051c20a
  NMapsMap: f151761c088d6516064c59da03ab6503769486e6
  Realm: eb7f6a7a8395906822e6fab71eb8496d6d52b318
  RealmSwift: 6b54904d4a236de143f3411a757641fd74e9cb3d
  SnapKit: e01d52ebb8ddbc333eefe2132acf85c8227d9c25

PODFILE CHECKSUM: 81e807fd03a488338d120b90e21216c86768d9b7

COCOAPODS: 1.11.3
