// !$*UTF8*$!
{
	archiveVersion = 1;
	classes = {
	};
	objectVersion = 55;
	objects = {

/* Begin PBXBuildFile section */
		55CBCFD9AFB8567F870CFC5F /* Pods_TapPlace.framework in Frameworks */ = {isa = PBXBuildFile; fileRef = 3FFFD01AEFF3455253C3E138 /* Pods_TapPlace.framework */; };
		DF1CD4B628AF7388000D23E4 /* AroundPlaceListView.swift in Sources */ = {isa = PBXBuildFile; fileRef = DF1CD4B528AF7388000D23E4 /* AroundPlaceListView.swift */; };
		DF1CD4B828AF7BEC000D23E4 /* AroundPlaceFilterView.swift in Sources */ = {isa = PBXBuildFile; fileRef = DF1CD4B728AF7BEC000D23E4 /* AroundPlaceFilterView.swift */; };
		DF1D34B728A3662900BDDA15 /* StoreModel.swift in Sources */ = {isa = PBXBuildFile; fileRef = DF1D34B628A3662900BDDA15 /* StoreModel.swift */; };
		DF2340AA28A1D37D00A9DAE1 /* NSMutableAttributedString+Extension.swift in Sources */ = {isa = PBXBuildFile; fileRef = DF2340A928A1D37D00A9DAE1 /* NSMutableAttributedString+Extension.swift */; };
		DF2340CD28A22DF900A9DAE1 /* BottomButton.swift in Sources */ = {isa = PBXBuildFile; fileRef = DF2340CC28A22DF900A9DAE1 /* BottomButton.swift */; };
		DF2340CF28A2381700A9DAE1 /* PickPaymentsCollectionViewCell.swift in Sources */ = {isa = PBXBuildFile; fileRef = DF2340CE28A2381700A9DAE1 /* PickPaymentsCollectionViewCell.swift */; };
		DF2340D128A239FC00A9DAE1 /* PickPaymentsCollectionReusableView.swift in Sources */ = {isa = PBXBuildFile; fileRef = DF2340D028A239FC00A9DAE1 /* PickPaymentsCollectionReusableView.swift */; };
		DF2340D328A270C700A9DAE1 /* PaymentModel.swift in Sources */ = {isa = PBXBuildFile; fileRef = DF2340D228A270C700A9DAE1 /* PaymentModel.swift */; };
		DF38177028A46EF100B900B5 /* CommonPickViewController.swift in Sources */ = {isa = PBXBuildFile; fileRef = DF38176F28A46EF100B900B5 /* CommonPickViewController.swift */; };
		DF38177828A4E28200B900B5 /* PaymentViewModel.swift in Sources */ = {isa = PBXBuildFile; fileRef = DF38177728A4E28200B900B5 /* PaymentViewModel.swift */; };
		DF4A14A228ABBAEF0068D1AD /* VerticalAlignLabel.swift in Sources */ = {isa = PBXBuildFile; fileRef = DF4A14A128ABBAEF0068D1AD /* VerticalAlignLabel.swift */; };
		DF4A14A428ABBEF50068D1AD /* CustomToolBar.swift in Sources */ = {isa = PBXBuildFile; fileRef = DF4A14A328ABBEF50068D1AD /* CustomToolBar.swift */; };
		DF4BD37C28A76F8100C4C5B4 /* UIImage+Extension.swift in Sources */ = {isa = PBXBuildFile; fileRef = DF4BD37B28A76F8100C4C5B4 /* UIImage+Extension.swift */; };
		DF51DCC228A7779400D0AE1E /* MoreViewController.swift in Sources */ = {isa = PBXBuildFile; fileRef = DF51DCC128A7779400D0AE1E /* MoreViewController.swift */; };
		DF826698289CA0EC00272830 /* SplashViewController.swift in Sources */ = {isa = PBXBuildFile; fileRef = DF826697289CA0EC00272830 /* SplashViewController.swift */; };
		DF82669A289CA10800272830 /* OnBoardingViewController.swift in Sources */ = {isa = PBXBuildFile; fileRef = DF826699289CA10800272830 /* OnBoardingViewController.swift */; };
		DF82669C289CA11700272830 /* PickPaymentsViewController.swift in Sources */ = {isa = PBXBuildFile; fileRef = DF82669B289CA11700272830 /* PickPaymentsViewController.swift */; };
		DF82669E289CA12800272830 /* MainViewController.swift in Sources */ = {isa = PBXBuildFile; fileRef = DF82669D289CA12800272830 /* MainViewController.swift */; };
		DF8266A8289F1D0D00272830 /* PlaceDataService.swift in Sources */ = {isa = PBXBuildFile; fileRef = DF8266A7289F1D0D00272830 /* PlaceDataService.swift */; };
		DF9EAF8528AA00F5001B3D74 /* ResearchButton.swift in Sources */ = {isa = PBXBuildFile; fileRef = DF9EAF8428AA00F5001B3D74 /* ResearchButton.swift */; };
		DFA2875728AB684200DD9F63 /* UIView+Extension.swift in Sources */ = {isa = PBXBuildFile; fileRef = DFA2875628AB684200DD9F63 /* UIView+Extension.swift */; };
		DFA2875928AB94C700DD9F63 /* DetailOverView.swift in Sources */ = {isa = PBXBuildFile; fileRef = DFA2875828AB94C700DD9F63 /* DetailOverView.swift */; };
		DFA2875B28ABA8D400DD9F63 /* DetailToolBarButton.swift in Sources */ = {isa = PBXBuildFile; fileRef = DFA2875A28ABA8D400DD9F63 /* DetailToolBarButton.swift */; };
		DFC23F96289AB66400EC1090 /* AppDelegate.swift in Sources */ = {isa = PBXBuildFile; fileRef = DFC23F95289AB66400EC1090 /* AppDelegate.swift */; };
		DFC23F98289AB66400EC1090 /* SceneDelegate.swift in Sources */ = {isa = PBXBuildFile; fileRef = DFC23F97289AB66400EC1090 /* SceneDelegate.swift */; };
		DFC23F9F289AB66600EC1090 /* Assets.xcassets in Resources */ = {isa = PBXBuildFile; fileRef = DFC23F9E289AB66600EC1090 /* Assets.xcassets */; };
		DFC23FA2289AB66600EC1090 /* LaunchScreen.storyboard in Resources */ = {isa = PBXBuildFile; fileRef = DFC23FA0289AB66600EC1090 /* LaunchScreen.storyboard */; };
		DFC23FAF289AB6C900EC1090 /* EmptyModel.swift in Sources */ = {isa = PBXBuildFile; fileRef = DFC23FAE289AB6C900EC1090 /* EmptyModel.swift */; };
		DFC23FB2289AB6E500EC1090 /* EmptyViewModel.swift in Sources */ = {isa = PBXBuildFile; fileRef = DFC23FB1289AB6E400EC1090 /* EmptyViewModel.swift */; };
		DFC23FB5289AB6F000EC1090 /* EmptyNetwork.swift in Sources */ = {isa = PBXBuildFile; fileRef = DFC23FB4289AB6F000EC1090 /* EmptyNetwork.swift */; };
		DFC23FBB289AB70C00EC1090 /* EmptyExtension.swift in Sources */ = {isa = PBXBuildFile; fileRef = DFC23FBA289AB70C00EC1090 /* EmptyExtension.swift */; };
		DFDA43F428A14821003763AC /* UIColor+Extension.swift in Sources */ = {isa = PBXBuildFile; fileRef = DFDA43F328A14821003763AC /* UIColor+Extension.swift */; };
		DFDA43F628A14AB3003763AC /* PickViewControllerTitleView.swift in Sources */ = {isa = PBXBuildFile; fileRef = DFDA43F528A14AB3003763AC /* PickViewControllerTitleView.swift */; };
		DFDA43F928A14C61003763AC /* CommonUtils.swift in Sources */ = {isa = PBXBuildFile; fileRef = DFDA43F828A14C61003763AC /* CommonUtils.swift */; };
		DFDBB83528B094FE008D2E09 /* CommonViewController.swift in Sources */ = {isa = PBXBuildFile; fileRef = DFDBB83428B094FE008D2E09 /* CommonViewController.swift */; };
		DFDC182F289FE8A70076EE2E /* UserDefaults+Extension.swift in Sources */ = {isa = PBXBuildFile; fileRef = DFDC182E289FE8A70076EE2E /* UserDefaults+Extension.swift */; };
		DFE5F6AC28A8D36A000511E9 /* Constants.swift in Sources */ = {isa = PBXBuildFile; fileRef = DFE5F6AB28A8D36A000511E9 /* Constants.swift */; };
		DFE5F6B028A9385C000511E9 /* MapButton.swift in Sources */ = {isa = PBXBuildFile; fileRef = DFE5F6AF28A9385C000511E9 /* MapButton.swift */; };
		DFECC8CA28AC95E800DC64FD /* AroundPlaceViewController.swift in Sources */ = {isa = PBXBuildFile; fileRef = DFECC8C928AC95E800DC64FD /* AroundPlaceViewController.swift */; };
		DFECC8CC28AC9F1200DC64FD /* AroundFilterButton.swift in Sources */ = {isa = PBXBuildFile; fileRef = DFECC8CB28AC9F1200DC64FD /* AroundFilterButton.swift */; };
		DFECC8CE28ACD9CF00DC64FD /* AroundStoreTableViewCell.swift in Sources */ = {isa = PBXBuildFile; fileRef = DFECC8CD28ACD9CF00DC64FD /* AroundStoreTableViewCell.swift */; };
		DFECC8D028ACFFE000DC64FD /* BrandIconImageView.swift in Sources */ = {isa = PBXBuildFile; fileRef = DFECC8CF28ACFFE000DC64FD /* BrandIconImageView.swift */; };
		DFECC8D228AD129300DC64FD /* UIStackView+Extension.swift in Sources */ = {isa = PBXBuildFile; fileRef = DFECC8D128AD129300DC64FD /* UIStackView+Extension.swift */; };
		DFF7BEDA28A67DFE00289F39 /* CALayer+Extension.swift in Sources */ = {isa = PBXBuildFile; fileRef = DFF7BED928A67DFE00289F39 /* CALayer+Extension.swift */; };
		DFF7BEDC28A685F500289F39 /* StoreTabCollectionViewCell.swift in Sources */ = {isa = PBXBuildFile; fileRef = DFF7BEDB28A685F500289F39 /* StoreTabCollectionViewCell.swift */; };
		DFF7BEDE28A68CDD00289F39 /* TabBarViewController.swift in Sources */ = {isa = PBXBuildFile; fileRef = DFF7BEDD28A68CDD00289F39 /* TabBarViewController.swift */; };
		F41A51E828B0865D00FE546B /* SearchEditViewController.swift in Sources */ = {isa = PBXBuildFile; fileRef = F41A51E728B0865D00FE546B /* SearchEditViewController.swift */; };
		F41A51EA28B08D3C00FE546B /* SearchEditTableViewCell.swift in Sources */ = {isa = PBXBuildFile; fileRef = F41A51E928B08D3C00FE546B /* SearchEditTableViewCell.swift */; };
		F41A51EC28B0919D00FE546B /* NavigationBar.swift in Sources */ = {isa = PBXBuildFile; fileRef = F41A51EB28B0919D00FE546B /* NavigationBar.swift */; };
		F425EECA28A25087002A20FC /* dog.jpeg in Resources */ = {isa = PBXBuildFile; fileRef = F425EEC928A25087002A20FC /* dog.jpeg */; };
		F425EECD28A29EF0002A20FC /* dog2.jpeg in Resources */ = {isa = PBXBuildFile; fileRef = F425EECB28A29EEF002A20FC /* dog2.jpeg */; };
		F425EECE28A29EF0002A20FC /* dog3.jpeg in Resources */ = {isa = PBXBuildFile; fileRef = F425EECC28A29EF0002A20FC /* dog3.jpeg */; };
		F449AEB328ACEABE008E0417 /* SearchContentButton.swift in Sources */ = {isa = PBXBuildFile; fileRef = F449AEB228ACEABE008E0417 /* SearchContentButton.swift */; };
		F449AEB628ADD205008E0417 /* SearchingActionTableViewCell.swift in Sources */ = {isa = PBXBuildFile; fileRef = F449AEB528ADD205008E0417 /* SearchingActionTableViewCell.swift */; };
		F4551D3A28A8B651003B93F4 /* SearchViewController.swift in Sources */ = {isa = PBXBuildFile; fileRef = F4551D3928A8B651003B93F4 /* SearchViewController.swift */; };
		F4551D3C28A9F9C6003B93F4 /* SearchTableViewCell.swift in Sources */ = {isa = PBXBuildFile; fileRef = F4551D3B28A9F9C6003B93F4 /* SearchTableViewCell.swift */; };
/* End PBXBuildFile section */

/* Begin PBXFileReference section */
		2F0AC997BCBE5EECEE20CD45 /* Pods-TapPlace.debug.xcconfig */ = {isa = PBXFileReference; includeInIndex = 1; lastKnownFileType = text.xcconfig; name = "Pods-TapPlace.debug.xcconfig"; path = "Target Support Files/Pods-TapPlace/Pods-TapPlace.debug.xcconfig"; sourceTree = "<group>"; };
		3FFFD01AEFF3455253C3E138 /* Pods_TapPlace.framework */ = {isa = PBXFileReference; explicitFileType = wrapper.framework; includeInIndex = 0; path = Pods_TapPlace.framework; sourceTree = BUILT_PRODUCTS_DIR; };
		662DBEBE9668E5AAC68748EB /* Pods-TapPlace.release.xcconfig */ = {isa = PBXFileReference; includeInIndex = 1; lastKnownFileType = text.xcconfig; name = "Pods-TapPlace.release.xcconfig"; path = "Target Support Files/Pods-TapPlace/Pods-TapPlace.release.xcconfig"; sourceTree = "<group>"; };
		DF1CD4B528AF7388000D23E4 /* AroundPlaceListView.swift */ = {isa = PBXFileReference; lastKnownFileType = sourcecode.swift; path = AroundPlaceListView.swift; sourceTree = "<group>"; };
		DF1CD4B728AF7BEC000D23E4 /* AroundPlaceFilterView.swift */ = {isa = PBXFileReference; lastKnownFileType = sourcecode.swift; path = AroundPlaceFilterView.swift; sourceTree = "<group>"; };
		DF1D34B628A3662900BDDA15 /* StoreModel.swift */ = {isa = PBXFileReference; lastKnownFileType = sourcecode.swift; path = StoreModel.swift; sourceTree = "<group>"; };
		DF2340A928A1D37D00A9DAE1 /* NSMutableAttributedString+Extension.swift */ = {isa = PBXFileReference; lastKnownFileType = sourcecode.swift; path = "NSMutableAttributedString+Extension.swift"; sourceTree = "<group>"; };
		DF2340CC28A22DF900A9DAE1 /* BottomButton.swift */ = {isa = PBXFileReference; lastKnownFileType = sourcecode.swift; path = BottomButton.swift; sourceTree = "<group>"; };
		DF2340CE28A2381700A9DAE1 /* PickPaymentsCollectionViewCell.swift */ = {isa = PBXFileReference; lastKnownFileType = sourcecode.swift; path = PickPaymentsCollectionViewCell.swift; sourceTree = "<group>"; };
		DF2340D028A239FC00A9DAE1 /* PickPaymentsCollectionReusableView.swift */ = {isa = PBXFileReference; lastKnownFileType = sourcecode.swift; path = PickPaymentsCollectionReusableView.swift; sourceTree = "<group>"; };
		DF2340D228A270C700A9DAE1 /* PaymentModel.swift */ = {isa = PBXFileReference; lastKnownFileType = sourcecode.swift; path = PaymentModel.swift; sourceTree = "<group>"; };
		DF38176F28A46EF100B900B5 /* CommonPickViewController.swift */ = {isa = PBXFileReference; lastKnownFileType = sourcecode.swift; path = CommonPickViewController.swift; sourceTree = "<group>"; };
		DF38177728A4E28200B900B5 /* PaymentViewModel.swift */ = {isa = PBXFileReference; lastKnownFileType = sourcecode.swift; path = PaymentViewModel.swift; sourceTree = "<group>"; };
		DF49AD8C28A0AB2A004EDC34 /* Debug.xcconfig */ = {isa = PBXFileReference; lastKnownFileType = text.xcconfig; path = Debug.xcconfig; sourceTree = "<group>"; };
		DF49AD8D28A0AB3F004EDC34 /* Production.xcconfig */ = {isa = PBXFileReference; lastKnownFileType = text.xcconfig; path = Production.xcconfig; sourceTree = "<group>"; };
		DF4A14A128ABBAEF0068D1AD /* VerticalAlignLabel.swift */ = {isa = PBXFileReference; lastKnownFileType = sourcecode.swift; path = VerticalAlignLabel.swift; sourceTree = "<group>"; };
		DF4A14A328ABBEF50068D1AD /* CustomToolBar.swift */ = {isa = PBXFileReference; lastKnownFileType = sourcecode.swift; path = CustomToolBar.swift; sourceTree = "<group>"; };
		DF4BD37B28A76F8100C4C5B4 /* UIImage+Extension.swift */ = {isa = PBXFileReference; lastKnownFileType = sourcecode.swift; path = "UIImage+Extension.swift"; sourceTree = "<group>"; };
		DF51DCC128A7779400D0AE1E /* MoreViewController.swift */ = {isa = PBXFileReference; lastKnownFileType = sourcecode.swift; path = MoreViewController.swift; sourceTree = "<group>"; };
		DF826697289CA0EC00272830 /* SplashViewController.swift */ = {isa = PBXFileReference; lastKnownFileType = sourcecode.swift; path = SplashViewController.swift; sourceTree = "<group>"; };
		DF826699289CA10800272830 /* OnBoardingViewController.swift */ = {isa = PBXFileReference; lastKnownFileType = sourcecode.swift; path = OnBoardingViewController.swift; sourceTree = "<group>"; };
		DF82669B289CA11700272830 /* PickPaymentsViewController.swift */ = {isa = PBXFileReference; lastKnownFileType = sourcecode.swift; path = PickPaymentsViewController.swift; sourceTree = "<group>"; };
		DF82669D289CA12800272830 /* MainViewController.swift */ = {isa = PBXFileReference; lastKnownFileType = sourcecode.swift; path = MainViewController.swift; sourceTree = "<group>"; };
		DF8266A7289F1D0D00272830 /* PlaceDataService.swift */ = {isa = PBXFileReference; lastKnownFileType = sourcecode.swift; path = PlaceDataService.swift; sourceTree = "<group>"; };
		DF9EAF8428AA00F5001B3D74 /* ResearchButton.swift */ = {isa = PBXFileReference; lastKnownFileType = sourcecode.swift; path = ResearchButton.swift; sourceTree = "<group>"; };
		DFA2875628AB684200DD9F63 /* UIView+Extension.swift */ = {isa = PBXFileReference; lastKnownFileType = sourcecode.swift; path = "UIView+Extension.swift"; sourceTree = "<group>"; };
		DFA2875828AB94C700DD9F63 /* DetailOverView.swift */ = {isa = PBXFileReference; lastKnownFileType = sourcecode.swift; path = DetailOverView.swift; sourceTree = "<group>"; };
		DFA2875A28ABA8D400DD9F63 /* DetailToolBarButton.swift */ = {isa = PBXFileReference; lastKnownFileType = sourcecode.swift; path = DetailToolBarButton.swift; sourceTree = "<group>"; };
		DFC23F92289AB66400EC1090 /* TapPlace.app */ = {isa = PBXFileReference; explicitFileType = wrapper.application; includeInIndex = 0; path = TapPlace.app; sourceTree = BUILT_PRODUCTS_DIR; };
		DFC23F95289AB66400EC1090 /* AppDelegate.swift */ = {isa = PBXFileReference; lastKnownFileType = sourcecode.swift; path = AppDelegate.swift; sourceTree = "<group>"; };
		DFC23F97289AB66400EC1090 /* SceneDelegate.swift */ = {isa = PBXFileReference; lastKnownFileType = sourcecode.swift; path = SceneDelegate.swift; sourceTree = "<group>"; };
		DFC23F9E289AB66600EC1090 /* Assets.xcassets */ = {isa = PBXFileReference; lastKnownFileType = folder.assetcatalog; path = Assets.xcassets; sourceTree = "<group>"; };
		DFC23FA1289AB66600EC1090 /* Base */ = {isa = PBXFileReference; lastKnownFileType = file.storyboard; name = Base; path = Base.lproj/LaunchScreen.storyboard; sourceTree = "<group>"; };
		DFC23FA3289AB66600EC1090 /* Info.plist */ = {isa = PBXFileReference; lastKnownFileType = text.plist.xml; path = Info.plist; sourceTree = "<group>"; };
		DFC23FAE289AB6C900EC1090 /* EmptyModel.swift */ = {isa = PBXFileReference; lastKnownFileType = sourcecode.swift; path = EmptyModel.swift; sourceTree = "<group>"; };
		DFC23FB1289AB6E400EC1090 /* EmptyViewModel.swift */ = {isa = PBXFileReference; lastKnownFileType = sourcecode.swift; path = EmptyViewModel.swift; sourceTree = "<group>"; };
		DFC23FB4289AB6F000EC1090 /* EmptyNetwork.swift */ = {isa = PBXFileReference; lastKnownFileType = sourcecode.swift; path = EmptyNetwork.swift; sourceTree = "<group>"; };
		DFC23FBA289AB70C00EC1090 /* EmptyExtension.swift */ = {isa = PBXFileReference; lastKnownFileType = sourcecode.swift; path = EmptyExtension.swift; sourceTree = "<group>"; };
		DFDA43F328A14821003763AC /* UIColor+Extension.swift */ = {isa = PBXFileReference; lastKnownFileType = sourcecode.swift; path = "UIColor+Extension.swift"; sourceTree = "<group>"; };
		DFDA43F528A14AB3003763AC /* PickViewControllerTitleView.swift */ = {isa = PBXFileReference; lastKnownFileType = sourcecode.swift; path = PickViewControllerTitleView.swift; sourceTree = "<group>"; };
		DFDA43F828A14C61003763AC /* CommonUtils.swift */ = {isa = PBXFileReference; lastKnownFileType = sourcecode.swift; path = CommonUtils.swift; sourceTree = "<group>"; };
		DFDBB83428B094FE008D2E09 /* CommonViewController.swift */ = {isa = PBXFileReference; lastKnownFileType = sourcecode.swift; path = CommonViewController.swift; sourceTree = "<group>"; };
		DFDC182E289FE8A70076EE2E /* UserDefaults+Extension.swift */ = {isa = PBXFileReference; lastKnownFileType = sourcecode.swift; path = "UserDefaults+Extension.swift"; sourceTree = "<group>"; };
		DFE5F6AB28A8D36A000511E9 /* Constants.swift */ = {isa = PBXFileReference; lastKnownFileType = sourcecode.swift; path = Constants.swift; sourceTree = "<group>"; };
		DFE5F6AF28A9385C000511E9 /* MapButton.swift */ = {isa = PBXFileReference; lastKnownFileType = sourcecode.swift; path = MapButton.swift; sourceTree = "<group>"; };
		DFECC8C928AC95E800DC64FD /* AroundPlaceViewController.swift */ = {isa = PBXFileReference; lastKnownFileType = sourcecode.swift; path = AroundPlaceViewController.swift; sourceTree = "<group>"; };
		DFECC8CB28AC9F1200DC64FD /* AroundFilterButton.swift */ = {isa = PBXFileReference; lastKnownFileType = sourcecode.swift; path = AroundFilterButton.swift; sourceTree = "<group>"; };
		DFECC8CD28ACD9CF00DC64FD /* AroundStoreTableViewCell.swift */ = {isa = PBXFileReference; lastKnownFileType = sourcecode.swift; path = AroundStoreTableViewCell.swift; sourceTree = "<group>"; };
		DFECC8CF28ACFFE000DC64FD /* BrandIconImageView.swift */ = {isa = PBXFileReference; lastKnownFileType = sourcecode.swift; path = BrandIconImageView.swift; sourceTree = "<group>"; };
		DFECC8D128AD129300DC64FD /* UIStackView+Extension.swift */ = {isa = PBXFileReference; lastKnownFileType = sourcecode.swift; path = "UIStackView+Extension.swift"; sourceTree = "<group>"; };
		DFF7BED928A67DFE00289F39 /* CALayer+Extension.swift */ = {isa = PBXFileReference; lastKnownFileType = sourcecode.swift; path = "CALayer+Extension.swift"; sourceTree = "<group>"; };
		DFF7BEDB28A685F500289F39 /* StoreTabCollectionViewCell.swift */ = {isa = PBXFileReference; lastKnownFileType = sourcecode.swift; path = StoreTabCollectionViewCell.swift; sourceTree = "<group>"; };
		DFF7BEDD28A68CDD00289F39 /* TabBarViewController.swift */ = {isa = PBXFileReference; lastKnownFileType = sourcecode.swift; path = TabBarViewController.swift; sourceTree = "<group>"; };
		F41A51E728B0865D00FE546B /* SearchEditViewController.swift */ = {isa = PBXFileReference; lastKnownFileType = sourcecode.swift; path = SearchEditViewController.swift; sourceTree = "<group>"; };
		F41A51E928B08D3C00FE546B /* SearchEditTableViewCell.swift */ = {isa = PBXFileReference; lastKnownFileType = sourcecode.swift; path = SearchEditTableViewCell.swift; sourceTree = "<group>"; };
		F41A51EB28B0919D00FE546B /* NavigationBar.swift */ = {isa = PBXFileReference; lastKnownFileType = sourcecode.swift; path = NavigationBar.swift; sourceTree = "<group>"; };
		F425EEC928A25087002A20FC /* dog.jpeg */ = {isa = PBXFileReference; lastKnownFileType = image.jpeg; path = dog.jpeg; sourceTree = "<group>"; };
		F425EECB28A29EEF002A20FC /* dog2.jpeg */ = {isa = PBXFileReference; lastKnownFileType = image.jpeg; path = dog2.jpeg; sourceTree = "<group>"; };
		F425EECC28A29EF0002A20FC /* dog3.jpeg */ = {isa = PBXFileReference; lastKnownFileType = image.jpeg; path = dog3.jpeg; sourceTree = "<group>"; };
		F449AEB228ACEABE008E0417 /* SearchContentButton.swift */ = {isa = PBXFileReference; lastKnownFileType = sourcecode.swift; path = SearchContentButton.swift; sourceTree = "<group>"; };
		F449AEB528ADD205008E0417 /* SearchingActionTableViewCell.swift */ = {isa = PBXFileReference; lastKnownFileType = sourcecode.swift; path = SearchingActionTableViewCell.swift; sourceTree = "<group>"; };
		F4551D3928A8B651003B93F4 /* SearchViewController.swift */ = {isa = PBXFileReference; lastKnownFileType = sourcecode.swift; path = SearchViewController.swift; sourceTree = "<group>"; };
		F4551D3B28A9F9C6003B93F4 /* SearchTableViewCell.swift */ = {isa = PBXFileReference; lastKnownFileType = sourcecode.swift; path = SearchTableViewCell.swift; sourceTree = "<group>"; };
/* End PBXFileReference section */

/* Begin PBXFrameworksBuildPhase section */
		DFC23F8F289AB66400EC1090 /* Frameworks */ = {
			isa = PBXFrameworksBuildPhase;
			buildActionMask = 2147483647;
			files = (
				55CBCFD9AFB8567F870CFC5F /* Pods_TapPlace.framework in Frameworks */,
			);
			runOnlyForDeploymentPostprocessing = 0;
		};
/* End PBXFrameworksBuildPhase section */

/* Begin PBXGroup section */
		01A2DED080638619BC75DAE2 /* Pods */ = {
			isa = PBXGroup;
			children = (
				2F0AC997BCBE5EECEE20CD45 /* Pods-TapPlace.debug.xcconfig */,
				662DBEBE9668E5AAC68748EB /* Pods-TapPlace.release.xcconfig */,
			);
			path = Pods;
			sourceTree = "<group>";
		};
		0CCD670F065EE7254EDCE07A /* Frameworks */ = {
			isa = PBXGroup;
			children = (
				3FFFD01AEFF3455253C3E138 /* Pods_TapPlace.framework */,
			);
			name = Frameworks;
			sourceTree = "<group>";
		};
		DF1CD4A928AF1CE5000D23E4 /* Intro */ = {
			isa = PBXGroup;
			children = (
				DF826697289CA0EC00272830 /* SplashViewController.swift */,
				DF826699289CA10800272830 /* OnBoardingViewController.swift */,
				DF82669B289CA11700272830 /* PickPaymentsViewController.swift */,
			);
			path = Intro;
			sourceTree = "<group>";
		};
		DF1CD4AA28AF1D00000D23E4 /* Main */ = {
			isa = PBXGroup;
			children = (
				DF82669D289CA12800272830 /* MainViewController.swift */,
				F4551D3928A8B651003B93F4 /* SearchViewController.swift */,
				DFECC8C928AC95E800DC64FD /* AroundPlaceViewController.swift */,
				F41A51E728B0865D00FE546B /* SearchEditViewController.swift */,
			);
			path = Main;
			sourceTree = "<group>";
		};
		DF1CD4AB28AF1D30000D23E4 /* Common */ = {
			isa = PBXGroup;
			children = (
				DF38176F28A46EF100B900B5 /* CommonPickViewController.swift */,
				DFF7BEDD28A68CDD00289F39 /* TabBarViewController.swift */,
				DFDBB83428B094FE008D2E09 /* CommonViewController.swift */,
			);
			path = Common;
			sourceTree = "<group>";
		};
		DF1CD4AC28AF1D56000D23E4 /* More */ = {
			isa = PBXGroup;
			children = (
				DF51DCC128A7779400D0AE1E /* MoreViewController.swift */,
			);
			path = More;
			sourceTree = "<group>";
		};
		DF1CD4AD28AF1E07000D23E4 /* Intro */ = {
			isa = PBXGroup;
			children = (
				DF2340CE28A2381700A9DAE1 /* PickPaymentsCollectionViewCell.swift */,
				DF2340D028A239FC00A9DAE1 /* PickPaymentsCollectionReusableView.swift */,
			);
			path = Intro;
			sourceTree = "<group>";
		};
		DF1CD4AE28AF1E25000D23E4 /* Main */ = {
			isa = PBXGroup;
			children = (
				DFF7BEDB28A685F500289F39 /* StoreTabCollectionViewCell.swift */,
				F449AEB528ADD205008E0417 /* SearchingActionTableViewCell.swift */,
				F4551D3B28A9F9C6003B93F4 /* SearchTableViewCell.swift */,
				F41A51E928B08D3C00FE546B /* SearchEditTableViewCell.swift */,
				DFECC8CD28ACD9CF00DC64FD /* AroundStoreTableViewCell.swift */,
			);
			path = Main;
			sourceTree = "<group>";
		};
		DF1CD4AF28AF7194000D23E4 /* Intro */ = {
			isa = PBXGroup;
			children = (
				DFDA43F528A14AB3003763AC /* PickViewControllerTitleView.swift */,
			);
			path = Intro;
			sourceTree = "<group>";
		};
		DF1CD4B028AF71D9000D23E4 /* Main */ = {
			isa = PBXGroup;
			children = (
				DF1CD4B428AF7259000D23E4 /* AroundPlace */,
				DF1CD4B328AF721F000D23E4 /* Search */,
				DFE5F6AF28A9385C000511E9 /* MapButton.swift */,
				DF9EAF8428AA00F5001B3D74 /* ResearchButton.swift */,
				DFA2875828AB94C700DD9F63 /* DetailOverView.swift */,
				DFECC8CF28ACFFE000DC64FD /* BrandIconImageView.swift */,
			);
			path = Main;
			sourceTree = "<group>";
		};
		DF1CD4B128AF71FE000D23E4 /* Common */ = {
			isa = PBXGroup;
			children = (
				DF1CD4B228AF7205000D23E4 /* Button */,
				DF4A14A128ABBAEF0068D1AD /* VerticalAlignLabel.swift */,
			);
			path = Common;
			sourceTree = "<group>";
		};
		DF1CD4B228AF7205000D23E4 /* Button */ = {
			isa = PBXGroup;
			children = (
				DF2340CC28A22DF900A9DAE1 /* BottomButton.swift */,
			);
			path = Button;
			sourceTree = "<group>";
		};
		DF1CD4B328AF721F000D23E4 /* Search */ = {
			isa = PBXGroup;
			children = (
				F449AEB228ACEABE008E0417 /* SearchContentButton.swift */,
				F41A51EB28B0919D00FE546B /* NavigationBar.swift */,
			);
			path = Search;
			sourceTree = "<group>";
		};
		DF1CD4B428AF7259000D23E4 /* AroundPlace */ = {
			isa = PBXGroup;
			children = (
				DFECC8CB28AC9F1200DC64FD /* AroundFilterButton.swift */,
				DF1CD4B528AF7388000D23E4 /* AroundPlaceListView.swift */,
				DF1CD4B728AF7BEC000D23E4 /* AroundPlaceFilterView.swift */,
			);
			path = AroundPlace;
			sourceTree = "<group>";
		};
		DF49AD8B28A0AB15004EDC34 /* Configurations */ = {
			isa = PBXGroup;
			children = (
				DF49AD8C28A0AB2A004EDC34 /* Debug.xcconfig */,
				DF49AD8D28A0AB3F004EDC34 /* Production.xcconfig */,
				DFE5F6AB28A8D36A000511E9 /* Constants.swift */,
			);
			path = Configurations;
			sourceTree = "<group>";
		};
		DF4A14A528ABDB7B0068D1AD /* CustomToolBar */ = {
			isa = PBXGroup;
			children = (
				DF4A14A328ABBEF50068D1AD /* CustomToolBar.swift */,
				DFA2875A28ABA8D400DD9F63 /* DetailToolBarButton.swift */,
			);
			path = CustomToolBar;
			sourceTree = "<group>";
		};
		DFC23F89289AB66400EC1090 = {
			isa = PBXGroup;
			children = (
				DFC23F94289AB66400EC1090 /* TapPlace */,
				DFC23F93289AB66400EC1090 /* Products */,
				01A2DED080638619BC75DAE2 /* Pods */,
				0CCD670F065EE7254EDCE07A /* Frameworks */,
			);
			sourceTree = "<group>";
		};
		DFC23F93289AB66400EC1090 /* Products */ = {
			isa = PBXGroup;
			children = (
				DFC23F92289AB66400EC1090 /* TapPlace.app */,
			);
			name = Products;
			sourceTree = "<group>";
		};
		DFC23F94289AB66400EC1090 /* TapPlace */ = {
			isa = PBXGroup;
			children = (
				DFC23FAB289AB69D00EC1090 /* Sources */,
				DFC23FA9289AB66C00EC1090 /* Resources */,
				DFC23FA3289AB66600EC1090 /* Info.plist */,
			);
			path = TapPlace;
			sourceTree = "<group>";
		};
		DFC23FA9289AB66C00EC1090 /* Resources */ = {
			isa = PBXGroup;
			children = (
				F425EEC928A25087002A20FC /* dog.jpeg */,
				F425EECB28A29EEF002A20FC /* dog2.jpeg */,
				F425EECC28A29EF0002A20FC /* dog3.jpeg */,
				DF49AD8B28A0AB15004EDC34 /* Configurations */,
				DFC23FAA289AB68400EC1090 /* Storyboards */,
				DFC23F95289AB66400EC1090 /* AppDelegate.swift */,
				DFC23F97289AB66400EC1090 /* SceneDelegate.swift */,
				DFC23F9E289AB66600EC1090 /* Assets.xcassets */,
			);
			path = Resources;
			sourceTree = "<group>";
		};
		DFC23FAA289AB68400EC1090 /* Storyboards */ = {
			isa = PBXGroup;
			children = (
				DFC23FA0289AB66600EC1090 /* LaunchScreen.storyboard */,
			);
			path = Storyboards;
			sourceTree = "<group>";
		};
		DFC23FAB289AB69D00EC1090 /* Sources */ = {
			isa = PBXGroup;
			children = (
				DFDA43F728A14C56003763AC /* Utils */,
				DFC23FBC289AB70F00EC1090 /* Cells */,
				DFC23FB9289AB70300EC1090 /* Extensions */,
				DFC23FB6289AB6F400EC1090 /* Views */,
				DFC23FB3289AB6E800EC1090 /* Network */,
				DFC23FB0289AB6CD00EC1090 /* ViewModels */,
				DFC23FAD289AB6BC00EC1090 /* Models */,
				DFC23FAC289AB6AA00EC1090 /* ViewControllers */,
			);
			path = Sources;
			sourceTree = "<group>";
		};
		DFC23FAC289AB6AA00EC1090 /* ViewControllers */ = {
			isa = PBXGroup;
			children = (
				DF1CD4AB28AF1D30000D23E4 /* Common */,
				DF1CD4A928AF1CE5000D23E4 /* Intro */,
				DF1CD4AA28AF1D00000D23E4 /* Main */,
				DF1CD4AC28AF1D56000D23E4 /* More */,
			);
			path = ViewControllers;
			sourceTree = "<group>";
		};
		DFC23FAD289AB6BC00EC1090 /* Models */ = {
			isa = PBXGroup;
			children = (
				DFC23FAE289AB6C900EC1090 /* EmptyModel.swift */,
				DF2340D228A270C700A9DAE1 /* PaymentModel.swift */,
				DF1D34B628A3662900BDDA15 /* StoreModel.swift */,
			);
			path = Models;
			sourceTree = "<group>";
		};
		DFC23FB0289AB6CD00EC1090 /* ViewModels */ = {
			isa = PBXGroup;
			children = (
				DFC23FB1289AB6E400EC1090 /* EmptyViewModel.swift */,
				DF38177728A4E28200B900B5 /* PaymentViewModel.swift */,
			);
			path = ViewModels;
			sourceTree = "<group>";
		};
		DFC23FB3289AB6E800EC1090 /* Network */ = {
			isa = PBXGroup;
			children = (
				DFC23FB4289AB6F000EC1090 /* EmptyNetwork.swift */,
				DF8266A7289F1D0D00272830 /* PlaceDataService.swift */,
			);
			path = Network;
			sourceTree = "<group>";
		};
		DFC23FB6289AB6F400EC1090 /* Views */ = {
			isa = PBXGroup;
			children = (
				DF1CD4B128AF71FE000D23E4 /* Common */,
				DF1CD4AF28AF7194000D23E4 /* Intro */,
				DF1CD4B028AF71D9000D23E4 /* Main */,
				DF4A14A528ABDB7B0068D1AD /* CustomToolBar */,
			);
			path = Views;
			sourceTree = "<group>";
		};
		DFC23FB9289AB70300EC1090 /* Extensions */ = {
			isa = PBXGroup;
			children = (
				DFC23FBA289AB70C00EC1090 /* EmptyExtension.swift */,
				DFDC182E289FE8A70076EE2E /* UserDefaults+Extension.swift */,
				DFDA43F328A14821003763AC /* UIColor+Extension.swift */,
				DF2340A928A1D37D00A9DAE1 /* NSMutableAttributedString+Extension.swift */,
				DFF7BED928A67DFE00289F39 /* CALayer+Extension.swift */,
				DF4BD37B28A76F8100C4C5B4 /* UIImage+Extension.swift */,
				DFA2875628AB684200DD9F63 /* UIView+Extension.swift */,
				DFECC8D128AD129300DC64FD /* UIStackView+Extension.swift */,
			);
			path = Extensions;
			sourceTree = "<group>";
		};
		DFC23FBC289AB70F00EC1090 /* Cells */ = {
			isa = PBXGroup;
			children = (
				DF1CD4AD28AF1E07000D23E4 /* Intro */,
				DF1CD4AE28AF1E25000D23E4 /* Main */,
			);
			path = Cells;
			sourceTree = "<group>";
		};
		DFDA43F728A14C56003763AC /* Utils */ = {
			isa = PBXGroup;
			children = (
				DFDA43F828A14C61003763AC /* CommonUtils.swift */,
			);
			path = Utils;
			sourceTree = "<group>";
		};
/* End PBXGroup section */

/* Begin PBXNativeTarget section */
		DFC23F91289AB66400EC1090 /* TapPlace */ = {
			isa = PBXNativeTarget;
			buildConfigurationList = DFC23FA6289AB66600EC1090 /* Build configuration list for PBXNativeTarget "TapPlace" */;
			buildPhases = (
				7DD79DF42FC6070301FCABEF /* [CP] Check Pods Manifest.lock */,
				DFC23F8E289AB66400EC1090 /* Sources */,
				DFC23F8F289AB66400EC1090 /* Frameworks */,
				DFC23F90289AB66400EC1090 /* Resources */,
				1B63AABEF56873C0664088BB /* [CP] Embed Pods Frameworks */,
			);
			buildRules = (
			);
			dependencies = (
			);
			name = TapPlace;
			productName = TapPlace;
			productReference = DFC23F92289AB66400EC1090 /* TapPlace.app */;
			productType = "com.apple.product-type.application";
		};
/* End PBXNativeTarget section */

/* Begin PBXProject section */
		DFC23F8A289AB66400EC1090 /* Project object */ = {
			isa = PBXProject;
			attributes = {
				BuildIndependentTargetsInParallel = 1;
				LastSwiftUpdateCheck = 1340;
				LastUpgradeCheck = 1340;
				TargetAttributes = {
					DFC23F91289AB66400EC1090 = {
						CreatedOnToolsVersion = 13.4.1;
					};
				};
			};
			buildConfigurationList = DFC23F8D289AB66400EC1090 /* Build configuration list for PBXProject "TapPlace" */;
			compatibilityVersion = "Xcode 13.0";
			developmentRegion = en;
			hasScannedForEncodings = 0;
			knownRegions = (
				en,
				Base,
			);
			mainGroup = DFC23F89289AB66400EC1090;
			productRefGroup = DFC23F93289AB66400EC1090 /* Products */;
			projectDirPath = "";
			projectRoot = "";
			targets = (
				DFC23F91289AB66400EC1090 /* TapPlace */,
			);
		};
/* End PBXProject section */

/* Begin PBXResourcesBuildPhase section */
		DFC23F90289AB66400EC1090 /* Resources */ = {
			isa = PBXResourcesBuildPhase;
			buildActionMask = 2147483647;
			files = (
				F425EECE28A29EF0002A20FC /* dog3.jpeg in Resources */,
				DFC23FA2289AB66600EC1090 /* LaunchScreen.storyboard in Resources */,
				F425EECD28A29EF0002A20FC /* dog2.jpeg in Resources */,
				F425EECA28A25087002A20FC /* dog.jpeg in Resources */,
				DFC23F9F289AB66600EC1090 /* Assets.xcassets in Resources */,
			);
			runOnlyForDeploymentPostprocessing = 0;
		};
/* End PBXResourcesBuildPhase section */

/* Begin PBXShellScriptBuildPhase section */
		1B63AABEF56873C0664088BB /* [CP] Embed Pods Frameworks */ = {
			isa = PBXShellScriptBuildPhase;
			buildActionMask = 2147483647;
			files = (
			);
			inputFileListPaths = (
				"${PODS_ROOT}/Target Support Files/Pods-TapPlace/Pods-TapPlace-frameworks-${CONFIGURATION}-input-files.xcfilelist",
			);
			name = "[CP] Embed Pods Frameworks";
			outputFileListPaths = (
				"${PODS_ROOT}/Target Support Files/Pods-TapPlace/Pods-TapPlace-frameworks-${CONFIGURATION}-output-files.xcfilelist",
			);
			runOnlyForDeploymentPostprocessing = 0;
			shellPath = /bin/sh;
			shellScript = "\"${PODS_ROOT}/Target Support Files/Pods-TapPlace/Pods-TapPlace-frameworks.sh\"\n";
			showEnvVarsInLog = 0;
		};
		7DD79DF42FC6070301FCABEF /* [CP] Check Pods Manifest.lock */ = {
			isa = PBXShellScriptBuildPhase;
			buildActionMask = 2147483647;
			files = (
			);
			inputFileListPaths = (
			);
			inputPaths = (
				"${PODS_PODFILE_DIR_PATH}/Podfile.lock",
				"${PODS_ROOT}/Manifest.lock",
			);
			name = "[CP] Check Pods Manifest.lock";
			outputFileListPaths = (
			);
			outputPaths = (
				"$(DERIVED_FILE_DIR)/Pods-TapPlace-checkManifestLockResult.txt",
			);
			runOnlyForDeploymentPostprocessing = 0;
			shellPath = /bin/sh;
			shellScript = "diff \"${PODS_PODFILE_DIR_PATH}/Podfile.lock\" \"${PODS_ROOT}/Manifest.lock\" > /dev/null\nif [ $? != 0 ] ; then\n    # print error to STDERR\n    echo \"error: The sandbox is not in sync with the Podfile.lock. Run 'pod install' or update your CocoaPods installation.\" >&2\n    exit 1\nfi\n# This output is used by Xcode 'outputs' to avoid re-running this script phase.\necho \"SUCCESS\" > \"${SCRIPT_OUTPUT_FILE_0}\"\n";
			showEnvVarsInLog = 0;
		};
/* End PBXShellScriptBuildPhase section */

/* Begin PBXSourcesBuildPhase section */
		DFC23F8E289AB66400EC1090 /* Sources */ = {
			isa = PBXSourcesBuildPhase;
			buildActionMask = 2147483647;
			files = (
				F41A51E828B0865D00FE546B /* SearchEditViewController.swift in Sources */,
				DFDA43F628A14AB3003763AC /* PickViewControllerTitleView.swift in Sources */,
				DF82669C289CA11700272830 /* PickPaymentsViewController.swift in Sources */,
				DF82669E289CA12800272830 /* MainViewController.swift in Sources */,
				DF1CD4B628AF7388000D23E4 /* AroundPlaceListView.swift in Sources */,
				DFA2875728AB684200DD9F63 /* UIView+Extension.swift in Sources */,
				DFECC8D228AD129300DC64FD /* UIStackView+Extension.swift in Sources */,
				DFA2875B28ABA8D400DD9F63 /* DetailToolBarButton.swift in Sources */,
				DFC23F96289AB66400EC1090 /* AppDelegate.swift in Sources */,
				DF2340CD28A22DF900A9DAE1 /* BottomButton.swift in Sources */,
				F4551D3A28A8B651003B93F4 /* SearchViewController.swift in Sources */,
				DFC23FB2289AB6E500EC1090 /* EmptyViewModel.swift in Sources */,
				DFDA43F428A14821003763AC /* UIColor+Extension.swift in Sources */,
				DFC23FBB289AB70C00EC1090 /* EmptyExtension.swift in Sources */,
				DFC23F98289AB66400EC1090 /* SceneDelegate.swift in Sources */,
				DFC23FB5289AB6F000EC1090 /* EmptyNetwork.swift in Sources */,
				DF2340D328A270C700A9DAE1 /* PaymentModel.swift in Sources */,
				DFE5F6B028A9385C000511E9 /* MapButton.swift in Sources */,
				DF8266A8289F1D0D00272830 /* PlaceDataService.swift in Sources */,
				DFDC182F289FE8A70076EE2E /* UserDefaults+Extension.swift in Sources */,
				DF2340CF28A2381700A9DAE1 /* PickPaymentsCollectionViewCell.swift in Sources */,
				DF2340AA28A1D37D00A9DAE1 /* NSMutableAttributedString+Extension.swift in Sources */,
				F4551D3C28A9F9C6003B93F4 /* SearchTableViewCell.swift in Sources */,
				DFF7BEDE28A68CDD00289F39 /* TabBarViewController.swift in Sources */,
				DFE5F6AC28A8D36A000511E9 /* Constants.swift in Sources */,
				DFDA43F928A14C61003763AC /* CommonUtils.swift in Sources */,
				DFF7BEDA28A67DFE00289F39 /* CALayer+Extension.swift in Sources */,
				DF38177028A46EF100B900B5 /* CommonPickViewController.swift in Sources */,
				F41A51EA28B08D3C00FE546B /* SearchEditTableViewCell.swift in Sources */,
				DFC23FAF289AB6C900EC1090 /* EmptyModel.swift in Sources */,
				DF51DCC228A7779400D0AE1E /* MoreViewController.swift in Sources */,
				DFA2875928AB94C700DD9F63 /* DetailOverView.swift in Sources */,
				DFECC8CA28AC95E800DC64FD /* AroundPlaceViewController.swift in Sources */,
				F449AEB628ADD205008E0417 /* SearchingActionTableViewCell.swift in Sources */,
				DF826698289CA0EC00272830 /* SplashViewController.swift in Sources */,
				DF82669A289CA10800272830 /* OnBoardingViewController.swift in Sources */,
				F41A51EC28B0919D00FE546B /* NavigationBar.swift in Sources */,
				DFECC8CE28ACD9CF00DC64FD /* AroundStoreTableViewCell.swift in Sources */,
				DFF7BEDC28A685F500289F39 /* StoreTabCollectionViewCell.swift in Sources */,
				F449AEB328ACEABE008E0417 /* SearchContentButton.swift in Sources */,
				DFECC8CC28AC9F1200DC64FD /* AroundFilterButton.swift in Sources */,
				DF38177828A4E28200B900B5 /* PaymentViewModel.swift in Sources */,
				DFECC8D028ACFFE000DC64FD /* BrandIconImageView.swift in Sources */,
				DF4A14A228ABBAEF0068D1AD /* VerticalAlignLabel.swift in Sources */,
				DF9EAF8528AA00F5001B3D74 /* ResearchButton.swift in Sources */,
				DF4BD37C28A76F8100C4C5B4 /* UIImage+Extension.swift in Sources */,
				DF4A14A428ABBEF50068D1AD /* CustomToolBar.swift in Sources */,
				DF1CD4B828AF7BEC000D23E4 /* AroundPlaceFilterView.swift in Sources */,
				DFDBB83528B094FE008D2E09 /* CommonViewController.swift in Sources */,
				DF2340D128A239FC00A9DAE1 /* PickPaymentsCollectionReusableView.swift in Sources */,
				DF1D34B728A3662900BDDA15 /* StoreModel.swift in Sources */,
			);
			runOnlyForDeploymentPostprocessing = 0;
		};
/* End PBXSourcesBuildPhase section */

/* Begin PBXVariantGroup section */
		DFC23FA0289AB66600EC1090 /* LaunchScreen.storyboard */ = {
			isa = PBXVariantGroup;
			children = (
				DFC23FA1289AB66600EC1090 /* Base */,
			);
			name = LaunchScreen.storyboard;
			sourceTree = "<group>";
		};
/* End PBXVariantGroup section */

/* Begin XCBuildConfiguration section */
		DFC23FA4289AB66600EC1090 /* Debug */ = {
			isa = XCBuildConfiguration;
			buildSettings = {
				ALWAYS_SEARCH_USER_PATHS = NO;
				CLANG_ANALYZER_NONNULL = YES;
				CLANG_ANALYZER_NUMBER_OBJECT_CONVERSION = YES_AGGRESSIVE;
				CLANG_CXX_LANGUAGE_STANDARD = "gnu++17";
				CLANG_ENABLE_MODULES = YES;
				CLANG_ENABLE_OBJC_ARC = YES;
				CLANG_ENABLE_OBJC_WEAK = YES;
				CLANG_WARN_BLOCK_CAPTURE_AUTORELEASING = YES;
				CLANG_WARN_BOOL_CONVERSION = YES;
				CLANG_WARN_COMMA = YES;
				CLANG_WARN_CONSTANT_CONVERSION = YES;
				CLANG_WARN_DEPRECATED_OBJC_IMPLEMENTATIONS = YES;
				CLANG_WARN_DIRECT_OBJC_ISA_USAGE = YES_ERROR;
				CLANG_WARN_DOCUMENTATION_COMMENTS = YES;
				CLANG_WARN_EMPTY_BODY = YES;
				CLANG_WARN_ENUM_CONVERSION = YES;
				CLANG_WARN_INFINITE_RECURSION = YES;
				CLANG_WARN_INT_CONVERSION = YES;
				CLANG_WARN_NON_LITERAL_NULL_CONVERSION = YES;
				CLANG_WARN_OBJC_IMPLICIT_RETAIN_SELF = YES;
				CLANG_WARN_OBJC_LITERAL_CONVERSION = YES;
				CLANG_WARN_OBJC_ROOT_CLASS = YES_ERROR;
				CLANG_WARN_QUOTED_INCLUDE_IN_FRAMEWORK_HEADER = YES;
				CLANG_WARN_RANGE_LOOP_ANALYSIS = YES;
				CLANG_WARN_STRICT_PROTOTYPES = YES;
				CLANG_WARN_SUSPICIOUS_MOVE = YES;
				CLANG_WARN_UNGUARDED_AVAILABILITY = YES_AGGRESSIVE;
				CLANG_WARN_UNREACHABLE_CODE = YES;
				CLANG_WARN__DUPLICATE_METHOD_MATCH = YES;
				COPY_PHASE_STRIP = NO;
				DEBUG_INFORMATION_FORMAT = dwarf;
				ENABLE_STRICT_OBJC_MSGSEND = YES;
				ENABLE_TESTABILITY = YES;
				GCC_C_LANGUAGE_STANDARD = gnu11;
				GCC_DYNAMIC_NO_PIC = NO;
				GCC_NO_COMMON_BLOCKS = YES;
				GCC_OPTIMIZATION_LEVEL = 0;
				GCC_PREPROCESSOR_DEFINITIONS = (
					"DEBUG=1",
					"$(inherited)",
				);
				GCC_WARN_64_TO_32_BIT_CONVERSION = YES;
				GCC_WARN_ABOUT_RETURN_TYPE = YES_ERROR;
				GCC_WARN_UNDECLARED_SELECTOR = YES;
				GCC_WARN_UNINITIALIZED_AUTOS = YES_AGGRESSIVE;
				GCC_WARN_UNUSED_FUNCTION = YES;
				GCC_WARN_UNUSED_VARIABLE = YES;
				IPHONEOS_DEPLOYMENT_TARGET = 13.0;
				MTL_ENABLE_DEBUG_INFO = INCLUDE_SOURCE;
				MTL_FAST_MATH = YES;
				ONLY_ACTIVE_ARCH = YES;
				SDKROOT = iphoneos;
				SWIFT_ACTIVE_COMPILATION_CONDITIONS = DEBUG;
				SWIFT_OPTIMIZATION_LEVEL = "-Onone";
			};
			name = Debug;
		};
		DFC23FA5289AB66600EC1090 /* Release */ = {
			isa = XCBuildConfiguration;
			buildSettings = {
				ALWAYS_SEARCH_USER_PATHS = NO;
				CLANG_ANALYZER_NONNULL = YES;
				CLANG_ANALYZER_NUMBER_OBJECT_CONVERSION = YES_AGGRESSIVE;
				CLANG_CXX_LANGUAGE_STANDARD = "gnu++17";
				CLANG_ENABLE_MODULES = YES;
				CLANG_ENABLE_OBJC_ARC = YES;
				CLANG_ENABLE_OBJC_WEAK = YES;
				CLANG_WARN_BLOCK_CAPTURE_AUTORELEASING = YES;
				CLANG_WARN_BOOL_CONVERSION = YES;
				CLANG_WARN_COMMA = YES;
				CLANG_WARN_CONSTANT_CONVERSION = YES;
				CLANG_WARN_DEPRECATED_OBJC_IMPLEMENTATIONS = YES;
				CLANG_WARN_DIRECT_OBJC_ISA_USAGE = YES_ERROR;
				CLANG_WARN_DOCUMENTATION_COMMENTS = YES;
				CLANG_WARN_EMPTY_BODY = YES;
				CLANG_WARN_ENUM_CONVERSION = YES;
				CLANG_WARN_INFINITE_RECURSION = YES;
				CLANG_WARN_INT_CONVERSION = YES;
				CLANG_WARN_NON_LITERAL_NULL_CONVERSION = YES;
				CLANG_WARN_OBJC_IMPLICIT_RETAIN_SELF = YES;
				CLANG_WARN_OBJC_LITERAL_CONVERSION = YES;
				CLANG_WARN_OBJC_ROOT_CLASS = YES_ERROR;
				CLANG_WARN_QUOTED_INCLUDE_IN_FRAMEWORK_HEADER = YES;
				CLANG_WARN_RANGE_LOOP_ANALYSIS = YES;
				CLANG_WARN_STRICT_PROTOTYPES = YES;
				CLANG_WARN_SUSPICIOUS_MOVE = YES;
				CLANG_WARN_UNGUARDED_AVAILABILITY = YES_AGGRESSIVE;
				CLANG_WARN_UNREACHABLE_CODE = YES;
				CLANG_WARN__DUPLICATE_METHOD_MATCH = YES;
				COPY_PHASE_STRIP = NO;
				DEBUG_INFORMATION_FORMAT = "dwarf-with-dsym";
				ENABLE_NS_ASSERTIONS = NO;
				ENABLE_STRICT_OBJC_MSGSEND = YES;
				GCC_C_LANGUAGE_STANDARD = gnu11;
				GCC_NO_COMMON_BLOCKS = YES;
				GCC_WARN_64_TO_32_BIT_CONVERSION = YES;
				GCC_WARN_ABOUT_RETURN_TYPE = YES_ERROR;
				GCC_WARN_UNDECLARED_SELECTOR = YES;
				GCC_WARN_UNINITIALIZED_AUTOS = YES_AGGRESSIVE;
				GCC_WARN_UNUSED_FUNCTION = YES;
				GCC_WARN_UNUSED_VARIABLE = YES;
				IPHONEOS_DEPLOYMENT_TARGET = 13.0;
				MTL_ENABLE_DEBUG_INFO = NO;
				MTL_FAST_MATH = YES;
				SDKROOT = iphoneos;
				SWIFT_COMPILATION_MODE = wholemodule;
				SWIFT_OPTIMIZATION_LEVEL = "-O";
				VALIDATE_PRODUCT = YES;
			};
			name = Release;
		};
		DFC23FA7289AB66600EC1090 /* Debug */ = {
			isa = XCBuildConfiguration;
			baseConfigurationReference = DF49AD8C28A0AB2A004EDC34 /* Debug.xcconfig */;
			buildSettings = {
				ASSETCATALOG_COMPILER_APPICON_NAME = AppIcon;
				ASSETCATALOG_COMPILER_GLOBAL_ACCENT_COLOR_NAME = AccentColor;
				CODE_SIGN_STYLE = Automatic;
				CURRENT_PROJECT_VERSION = 1;
				DEVELOPMENT_TEAM = BFTA9SX898;
				GENERATE_INFOPLIST_FILE = YES;
				INFOPLIST_FILE = TapPlace/Info.plist;
				INFOPLIST_KEY_NSLocationAlwaysAndWhenInUseUsageDescription = "사용자 주변의 간편결제 가맹점을 불러올 수 있도록, 현재 위치를 가져옵니다.";
				INFOPLIST_KEY_NSLocationAlwaysUsageDescription = "사용자 주변의 간편결제 가맹점을 불러올 수 있도록, 현재 위치를 가져옵니다.";
				INFOPLIST_KEY_NSLocationWhenInUseUsageDescription = "사용자 주변의 간편결제 가맹점을 불러올 수 있도록, 현재 위치를 가져옵니다.";
				INFOPLIST_KEY_UIApplicationSupportsIndirectInputEvents = YES;
				INFOPLIST_KEY_UILaunchStoryboardName = LaunchScreen;
				INFOPLIST_KEY_UISupportedInterfaceOrientations_iPad = "UIInterfaceOrientationPortrait UIInterfaceOrientationPortraitUpsideDown UIInterfaceOrientationLandscapeLeft UIInterfaceOrientationLandscapeRight";
				INFOPLIST_KEY_UISupportedInterfaceOrientations_iPhone = "UIInterfaceOrientationPortrait UIInterfaceOrientationLandscapeLeft UIInterfaceOrientationLandscapeRight";
				INFOPLIST_KEY_UIUserInterfaceStyle = Light;
				IPHONEOS_DEPLOYMENT_TARGET = 13.0;
				LD_RUNPATH_SEARCH_PATHS = (
					"$(inherited)",
					"@executable_path/Frameworks",
				);
				MARKETING_VERSION = 1.0;
				PRODUCT_BUNDLE_IDENTIFIER = kr.co.tapplace.TapPlaceiOS1;
				PRODUCT_NAME = "$(TARGET_NAME)";
				SUPPORTED_PLATFORMS = "iphoneos iphonesimulator";
				SUPPORTS_MACCATALYST = NO;
				SUPPORTS_MAC_DESIGNED_FOR_IPHONE_IPAD = NO;
				SWIFT_EMIT_LOC_STRINGS = YES;
				SWIFT_VERSION = 5.0;
				TARGETED_DEVICE_FAMILY = 1;
			};
			name = Debug;
		};
		DFC23FA8289AB66600EC1090 /* Release */ = {
			isa = XCBuildConfiguration;
			baseConfigurationReference = DF49AD8D28A0AB3F004EDC34 /* Production.xcconfig */;
			buildSettings = {
				ASSETCATALOG_COMPILER_APPICON_NAME = AppIcon;
				ASSETCATALOG_COMPILER_GLOBAL_ACCENT_COLOR_NAME = AccentColor;
				CODE_SIGN_STYLE = Automatic;
				CURRENT_PROJECT_VERSION = 1;
				DEVELOPMENT_TEAM = BFTA9SX898;
				GENERATE_INFOPLIST_FILE = YES;
				INFOPLIST_FILE = TapPlace/Info.plist;
				INFOPLIST_KEY_NSLocationAlwaysAndWhenInUseUsageDescription = "사용자 주변의 간편결제 가맹점을 불러올 수 있도록, 현재 위치를 가져옵니다.";
				INFOPLIST_KEY_NSLocationAlwaysUsageDescription = "사용자 주변의 간편결제 가맹점을 불러올 수 있도록, 현재 위치를 가져옵니다.";
				INFOPLIST_KEY_NSLocationWhenInUseUsageDescription = "사용자 주변의 간편결제 가맹점을 불러올 수 있도록, 현재 위치를 가져옵니다.";
				INFOPLIST_KEY_UIApplicationSupportsIndirectInputEvents = YES;
				INFOPLIST_KEY_UILaunchStoryboardName = LaunchScreen;
				INFOPLIST_KEY_UISupportedInterfaceOrientations_iPad = "UIInterfaceOrientationPortrait UIInterfaceOrientationPortraitUpsideDown UIInterfaceOrientationLandscapeLeft UIInterfaceOrientationLandscapeRight";
				INFOPLIST_KEY_UISupportedInterfaceOrientations_iPhone = "UIInterfaceOrientationPortrait UIInterfaceOrientationLandscapeLeft UIInterfaceOrientationLandscapeRight";
				INFOPLIST_KEY_UIUserInterfaceStyle = Light;
				IPHONEOS_DEPLOYMENT_TARGET = 13.0;
				LD_RUNPATH_SEARCH_PATHS = (
					"$(inherited)",
					"@executable_path/Frameworks",
				);
				MARKETING_VERSION = 1.0;
				PRODUCT_BUNDLE_IDENTIFIER = kr.co.tapplace.TapPlaceiOS1;
				PRODUCT_NAME = "$(TARGET_NAME)";
				SUPPORTED_PLATFORMS = "iphoneos iphonesimulator";
				SUPPORTS_MACCATALYST = NO;
				SUPPORTS_MAC_DESIGNED_FOR_IPHONE_IPAD = NO;
				SWIFT_EMIT_LOC_STRINGS = YES;
				SWIFT_VERSION = 5.0;
				TARGETED_DEVICE_FAMILY = 1;
			};
			name = Release;
		};
/* End XCBuildConfiguration section */

/* Begin XCConfigurationList section */
		DFC23F8D289AB66400EC1090 /* Build configuration list for PBXProject "TapPlace" */ = {
			isa = XCConfigurationList;
			buildConfigurations = (
				DFC23FA4289AB66600EC1090 /* Debug */,
				DFC23FA5289AB66600EC1090 /* Release */,
			);
			defaultConfigurationIsVisible = 0;
			defaultConfigurationName = Release;
		};
		DFC23FA6289AB66600EC1090 /* Build configuration list for PBXNativeTarget "TapPlace" */ = {
			isa = XCConfigurationList;
			buildConfigurations = (
				DFC23FA7289AB66600EC1090 /* Debug */,
				DFC23FA8289AB66600EC1090 /* Release */,
			);
			defaultConfigurationIsVisible = 0;
			defaultConfigurationName = Release;
		};
/* End XCConfigurationList section */
	};
	rootObject = DFC23F8A289AB66400EC1090 /* Project object */;
}
