// !$*UTF8*$!
{
	archiveVersion = 1;
	classes = {
	};
	objectVersion = 55;
	objects = {

/* Begin PBXBuildFile section */
		55CBCFD9AFB8567F870CFC5F /* Pods_TapPlace.framework in Frameworks */ = {isa = PBXBuildFile; fileRef = 3FFFD01AEFF3455253C3E138 /* Pods_TapPlace.framework */; };
		DF1D34B528A364B900BDDA15 /* PickStoresCollectionViewCell.swift in Sources */ = {isa = PBXBuildFile; fileRef = DF1D34B428A364B900BDDA15 /* PickStoresCollectionViewCell.swift */; };
		DF1D34B728A3662900BDDA15 /* StoreModel.swift in Sources */ = {isa = PBXBuildFile; fileRef = DF1D34B628A3662900BDDA15 /* StoreModel.swift */; };
		DF2340AA28A1D37D00A9DAE1 /* NSMutableAttributedString+Extension.swift in Sources */ = {isa = PBXBuildFile; fileRef = DF2340A928A1D37D00A9DAE1 /* NSMutableAttributedString+Extension.swift */; };
		DF2340CD28A22DF900A9DAE1 /* BottomButton.swift in Sources */ = {isa = PBXBuildFile; fileRef = DF2340CC28A22DF900A9DAE1 /* BottomButton.swift */; };
		DF2340CF28A2381700A9DAE1 /* PickPaymentsCollectionViewCell.swift in Sources */ = {isa = PBXBuildFile; fileRef = DF2340CE28A2381700A9DAE1 /* PickPaymentsCollectionViewCell.swift */; };
		DF2340D128A239FC00A9DAE1 /* PickPaymentsCollectionReusableView.swift in Sources */ = {isa = PBXBuildFile; fileRef = DF2340D028A239FC00A9DAE1 /* PickPaymentsCollectionReusableView.swift */; };
		DF2340D328A270C700A9DAE1 /* PaymentModel.swift in Sources */ = {isa = PBXBuildFile; fileRef = DF2340D228A270C700A9DAE1 /* PaymentModel.swift */; };
		DF2340D528A291B700A9DAE1 /* PickStoresViewController.swift in Sources */ = {isa = PBXBuildFile; fileRef = DF2340D428A291B700A9DAE1 /* PickStoresViewController.swift */; };
		DF38177028A46EF100B900B5 /* CommonPickViewController.swift in Sources */ = {isa = PBXBuildFile; fileRef = DF38176F28A46EF100B900B5 /* CommonPickViewController.swift */; };
		DF826698289CA0EC00272830 /* SplashViewController.swift in Sources */ = {isa = PBXBuildFile; fileRef = DF826697289CA0EC00272830 /* SplashViewController.swift */; };
		DF82669A289CA10800272830 /* OnBoardingViewController.swift in Sources */ = {isa = PBXBuildFile; fileRef = DF826699289CA10800272830 /* OnBoardingViewController.swift */; };
		DF82669C289CA11700272830 /* PickPaymentsViewController.swift in Sources */ = {isa = PBXBuildFile; fileRef = DF82669B289CA11700272830 /* PickPaymentsViewController.swift */; };
		DF82669E289CA12800272830 /* MainViewController.swift in Sources */ = {isa = PBXBuildFile; fileRef = DF82669D289CA12800272830 /* MainViewController.swift */; };
		DF8266A0289CA15100272830 /* PlaceSearchViewController.swift in Sources */ = {isa = PBXBuildFile; fileRef = DF82669F289CA15100272830 /* PlaceSearchViewController.swift */; };
		DF8266A2289CA17700272830 /* DetailPlaceViewController.swift in Sources */ = {isa = PBXBuildFile; fileRef = DF8266A1289CA17700272830 /* DetailPlaceViewController.swift */; };
		DF8266A4289CA18300272830 /* AddPlaceViewController.swift in Sources */ = {isa = PBXBuildFile; fileRef = DF8266A3289CA18300272830 /* AddPlaceViewController.swift */; };
		DF8266A6289CA18C00272830 /* MyPageViewController.swift in Sources */ = {isa = PBXBuildFile; fileRef = DF8266A5289CA18C00272830 /* MyPageViewController.swift */; };
		DF8266A8289F1D0D00272830 /* PlaceDataService.swift in Sources */ = {isa = PBXBuildFile; fileRef = DF8266A7289F1D0D00272830 /* PlaceDataService.swift */; };
		DFC23F96289AB66400EC1090 /* AppDelegate.swift in Sources */ = {isa = PBXBuildFile; fileRef = DFC23F95289AB66400EC1090 /* AppDelegate.swift */; };
		DFC23F98289AB66400EC1090 /* SceneDelegate.swift in Sources */ = {isa = PBXBuildFile; fileRef = DFC23F97289AB66400EC1090 /* SceneDelegate.swift */; };
		DFC23F9A289AB66400EC1090 /* ViewController.swift in Sources */ = {isa = PBXBuildFile; fileRef = DFC23F99289AB66400EC1090 /* ViewController.swift */; };
		DFC23F9F289AB66600EC1090 /* Assets.xcassets in Resources */ = {isa = PBXBuildFile; fileRef = DFC23F9E289AB66600EC1090 /* Assets.xcassets */; };
		DFC23FA2289AB66600EC1090 /* LaunchScreen.storyboard in Resources */ = {isa = PBXBuildFile; fileRef = DFC23FA0289AB66600EC1090 /* LaunchScreen.storyboard */; };
		DFC23FAF289AB6C900EC1090 /* EmptyModel.swift in Sources */ = {isa = PBXBuildFile; fileRef = DFC23FAE289AB6C900EC1090 /* EmptyModel.swift */; };
		DFC23FB2289AB6E500EC1090 /* EmptyViewModel.swift in Sources */ = {isa = PBXBuildFile; fileRef = DFC23FB1289AB6E400EC1090 /* EmptyViewModel.swift */; };
		DFC23FB5289AB6F000EC1090 /* EmptyNetwork.swift in Sources */ = {isa = PBXBuildFile; fileRef = DFC23FB4289AB6F000EC1090 /* EmptyNetwork.swift */; };
		DFC23FB8289AB6FF00EC1090 /* EmptyView.swift in Sources */ = {isa = PBXBuildFile; fileRef = DFC23FB7289AB6FF00EC1090 /* EmptyView.swift */; };
		DFC23FBB289AB70C00EC1090 /* EmptyExtension.swift in Sources */ = {isa = PBXBuildFile; fileRef = DFC23FBA289AB70C00EC1090 /* EmptyExtension.swift */; };
		DFC23FBE289AB71800EC1090 /* EmptyCell.swift in Sources */ = {isa = PBXBuildFile; fileRef = DFC23FBD289AB71800EC1090 /* EmptyCell.swift */; };
		DFDA43F428A14821003763AC /* UIColor+Extension.swift in Sources */ = {isa = PBXBuildFile; fileRef = DFDA43F328A14821003763AC /* UIColor+Extension.swift */; };
		DFDA43F628A14AB3003763AC /* PickViewControllerTitleView.swift in Sources */ = {isa = PBXBuildFile; fileRef = DFDA43F528A14AB3003763AC /* PickViewControllerTitleView.swift */; };
		DFDA43F928A14C61003763AC /* CommonUtils.swift in Sources */ = {isa = PBXBuildFile; fileRef = DFDA43F828A14C61003763AC /* CommonUtils.swift */; };
		DFDC182F289FE8A70076EE2E /* UserDefaults+Extension.swift in Sources */ = {isa = PBXBuildFile; fileRef = DFDC182E289FE8A70076EE2E /* UserDefaults+Extension.swift */; };
		F425EECA28A25087002A20FC /* dog.jpeg in Resources */ = {isa = PBXBuildFile; fileRef = F425EEC928A25087002A20FC /* dog.jpeg */; };
		F425EECD28A29EF0002A20FC /* dog2.jpeg in Resources */ = {isa = PBXBuildFile; fileRef = F425EECB28A29EEF002A20FC /* dog2.jpeg */; };
		F425EECE28A29EF0002A20FC /* dog3.jpeg in Resources */ = {isa = PBXBuildFile; fileRef = F425EECC28A29EF0002A20FC /* dog3.jpeg */; };
/* End PBXBuildFile section */

/* Begin PBXFileReference section */
		2F0AC997BCBE5EECEE20CD45 /* Pods-TapPlace.debug.xcconfig */ = {isa = PBXFileReference; includeInIndex = 1; lastKnownFileType = text.xcconfig; name = "Pods-TapPlace.debug.xcconfig"; path = "Target Support Files/Pods-TapPlace/Pods-TapPlace.debug.xcconfig"; sourceTree = "<group>"; };
		3FFFD01AEFF3455253C3E138 /* Pods_TapPlace.framework */ = {isa = PBXFileReference; explicitFileType = wrapper.framework; includeInIndex = 0; path = Pods_TapPlace.framework; sourceTree = BUILT_PRODUCTS_DIR; };
		662DBEBE9668E5AAC68748EB /* Pods-TapPlace.release.xcconfig */ = {isa = PBXFileReference; includeInIndex = 1; lastKnownFileType = text.xcconfig; name = "Pods-TapPlace.release.xcconfig"; path = "Target Support Files/Pods-TapPlace/Pods-TapPlace.release.xcconfig"; sourceTree = "<group>"; };
		DF1D34B428A364B900BDDA15 /* PickStoresCollectionViewCell.swift */ = {isa = PBXFileReference; lastKnownFileType = sourcecode.swift; path = PickStoresCollectionViewCell.swift; sourceTree = "<group>"; };
		DF1D34B628A3662900BDDA15 /* StoreModel.swift */ = {isa = PBXFileReference; lastKnownFileType = sourcecode.swift; path = StoreModel.swift; sourceTree = "<group>"; };
		DF2340A928A1D37D00A9DAE1 /* NSMutableAttributedString+Extension.swift */ = {isa = PBXFileReference; lastKnownFileType = sourcecode.swift; path = "NSMutableAttributedString+Extension.swift"; sourceTree = "<group>"; };
		DF2340CC28A22DF900A9DAE1 /* BottomButton.swift */ = {isa = PBXFileReference; lastKnownFileType = sourcecode.swift; path = BottomButton.swift; sourceTree = "<group>"; };
		DF2340CE28A2381700A9DAE1 /* PickPaymentsCollectionViewCell.swift */ = {isa = PBXFileReference; lastKnownFileType = sourcecode.swift; path = PickPaymentsCollectionViewCell.swift; sourceTree = "<group>"; };
		DF2340D028A239FC00A9DAE1 /* PickPaymentsCollectionReusableView.swift */ = {isa = PBXFileReference; lastKnownFileType = sourcecode.swift; path = PickPaymentsCollectionReusableView.swift; sourceTree = "<group>"; };
		DF2340D228A270C700A9DAE1 /* PaymentModel.swift */ = {isa = PBXFileReference; lastKnownFileType = sourcecode.swift; path = PaymentModel.swift; sourceTree = "<group>"; };
		DF2340D428A291B700A9DAE1 /* PickStoresViewController.swift */ = {isa = PBXFileReference; lastKnownFileType = sourcecode.swift; path = PickStoresViewController.swift; sourceTree = "<group>"; };
		DF38176F28A46EF100B900B5 /* CommonPickViewController.swift */ = {isa = PBXFileReference; lastKnownFileType = sourcecode.swift; path = CommonPickViewController.swift; sourceTree = "<group>"; };
		DF49AD8C28A0AB2A004EDC34 /* Debug.xcconfig */ = {isa = PBXFileReference; lastKnownFileType = text.xcconfig; path = Debug.xcconfig; sourceTree = "<group>"; };
		DF49AD8D28A0AB3F004EDC34 /* Production.xcconfig */ = {isa = PBXFileReference; lastKnownFileType = text.xcconfig; path = Production.xcconfig; sourceTree = "<group>"; };
		DF826697289CA0EC00272830 /* SplashViewController.swift */ = {isa = PBXFileReference; lastKnownFileType = sourcecode.swift; path = SplashViewController.swift; sourceTree = "<group>"; };
		DF826699289CA10800272830 /* OnBoardingViewController.swift */ = {isa = PBXFileReference; lastKnownFileType = sourcecode.swift; path = OnBoardingViewController.swift; sourceTree = "<group>"; };
		DF82669B289CA11700272830 /* PickPaymentsViewController.swift */ = {isa = PBXFileReference; lastKnownFileType = sourcecode.swift; path = PickPaymentsViewController.swift; sourceTree = "<group>"; };
		DF82669D289CA12800272830 /* MainViewController.swift */ = {isa = PBXFileReference; lastKnownFileType = sourcecode.swift; path = MainViewController.swift; sourceTree = "<group>"; };
		DF82669F289CA15100272830 /* PlaceSearchViewController.swift */ = {isa = PBXFileReference; lastKnownFileType = sourcecode.swift; path = PlaceSearchViewController.swift; sourceTree = "<group>"; };
		DF8266A1289CA17700272830 /* DetailPlaceViewController.swift */ = {isa = PBXFileReference; lastKnownFileType = sourcecode.swift; path = DetailPlaceViewController.swift; sourceTree = "<group>"; };
		DF8266A3289CA18300272830 /* AddPlaceViewController.swift */ = {isa = PBXFileReference; lastKnownFileType = sourcecode.swift; path = AddPlaceViewController.swift; sourceTree = "<group>"; };
		DF8266A5289CA18C00272830 /* MyPageViewController.swift */ = {isa = PBXFileReference; lastKnownFileType = sourcecode.swift; path = MyPageViewController.swift; sourceTree = "<group>"; };
		DF8266A7289F1D0D00272830 /* PlaceDataService.swift */ = {isa = PBXFileReference; lastKnownFileType = sourcecode.swift; path = PlaceDataService.swift; sourceTree = "<group>"; };
		DFC23F92289AB66400EC1090 /* TapPlace.app */ = {isa = PBXFileReference; explicitFileType = wrapper.application; includeInIndex = 0; path = TapPlace.app; sourceTree = BUILT_PRODUCTS_DIR; };
		DFC23F95289AB66400EC1090 /* AppDelegate.swift */ = {isa = PBXFileReference; lastKnownFileType = sourcecode.swift; path = AppDelegate.swift; sourceTree = "<group>"; };
		DFC23F97289AB66400EC1090 /* SceneDelegate.swift */ = {isa = PBXFileReference; lastKnownFileType = sourcecode.swift; path = SceneDelegate.swift; sourceTree = "<group>"; };
		DFC23F99289AB66400EC1090 /* ViewController.swift */ = {isa = PBXFileReference; lastKnownFileType = sourcecode.swift; path = ViewController.swift; sourceTree = "<group>"; };
		DFC23F9E289AB66600EC1090 /* Assets.xcassets */ = {isa = PBXFileReference; lastKnownFileType = folder.assetcatalog; path = Assets.xcassets; sourceTree = "<group>"; };
		DFC23FA1289AB66600EC1090 /* Base */ = {isa = PBXFileReference; lastKnownFileType = file.storyboard; name = Base; path = Base.lproj/LaunchScreen.storyboard; sourceTree = "<group>"; };
		DFC23FA3289AB66600EC1090 /* Info.plist */ = {isa = PBXFileReference; lastKnownFileType = text.plist.xml; path = Info.plist; sourceTree = "<group>"; };
		DFC23FAE289AB6C900EC1090 /* EmptyModel.swift */ = {isa = PBXFileReference; lastKnownFileType = sourcecode.swift; path = EmptyModel.swift; sourceTree = "<group>"; };
		DFC23FB1289AB6E400EC1090 /* EmptyViewModel.swift */ = {isa = PBXFileReference; lastKnownFileType = sourcecode.swift; path = EmptyViewModel.swift; sourceTree = "<group>"; };
		DFC23FB4289AB6F000EC1090 /* EmptyNetwork.swift */ = {isa = PBXFileReference; lastKnownFileType = sourcecode.swift; path = EmptyNetwork.swift; sourceTree = "<group>"; };
		DFC23FB7289AB6FF00EC1090 /* EmptyView.swift */ = {isa = PBXFileReference; lastKnownFileType = sourcecode.swift; path = EmptyView.swift; sourceTree = "<group>"; };
		DFC23FBA289AB70C00EC1090 /* EmptyExtension.swift */ = {isa = PBXFileReference; lastKnownFileType = sourcecode.swift; path = EmptyExtension.swift; sourceTree = "<group>"; };
		DFC23FBD289AB71800EC1090 /* EmptyCell.swift */ = {isa = PBXFileReference; lastKnownFileType = sourcecode.swift; path = EmptyCell.swift; sourceTree = "<group>"; };
		DFDA43F328A14821003763AC /* UIColor+Extension.swift */ = {isa = PBXFileReference; lastKnownFileType = sourcecode.swift; path = "UIColor+Extension.swift"; sourceTree = "<group>"; };
		DFDA43F528A14AB3003763AC /* PickViewControllerTitleView.swift */ = {isa = PBXFileReference; lastKnownFileType = sourcecode.swift; path = PickViewControllerTitleView.swift; sourceTree = "<group>"; };
		DFDA43F828A14C61003763AC /* CommonUtils.swift */ = {isa = PBXFileReference; lastKnownFileType = sourcecode.swift; path = CommonUtils.swift; sourceTree = "<group>"; };
		DFDC182E289FE8A70076EE2E /* UserDefaults+Extension.swift */ = {isa = PBXFileReference; lastKnownFileType = sourcecode.swift; path = "UserDefaults+Extension.swift"; sourceTree = "<group>"; };
		F425EEC928A25087002A20FC /* dog.jpeg */ = {isa = PBXFileReference; lastKnownFileType = image.jpeg; path = dog.jpeg; sourceTree = "<group>"; };
		F425EECB28A29EEF002A20FC /* dog2.jpeg */ = {isa = PBXFileReference; lastKnownFileType = image.jpeg; path = dog2.jpeg; sourceTree = "<group>"; };
		F425EECC28A29EF0002A20FC /* dog3.jpeg */ = {isa = PBXFileReference; lastKnownFileType = image.jpeg; path = dog3.jpeg; sourceTree = "<group>"; };
/* End PBXFileReference section */

/* Begin PBXFrameworksBuildPhase section */
		DFC23F8F289AB66400EC1090 /* Frameworks */ = {
			isa = PBXFrameworksBuildPhase;
			buildActionMask = 2147483647;
			files = (
				55CBCFD9AFB8567F870CFC5F /* Pods_TapPlace.framework in Frameworks */,
			);
			runOnlyForDeploymentPostprocessing = 0;
		};
/* End PBXFrameworksBuildPhase section */

/* Begin PBXGroup section */
		01A2DED080638619BC75DAE2 /* Pods */ = {
			isa = PBXGroup;
			children = (
				2F0AC997BCBE5EECEE20CD45 /* Pods-TapPlace.debug.xcconfig */,
				662DBEBE9668E5AAC68748EB /* Pods-TapPlace.release.xcconfig */,
			);
			path = Pods;
			sourceTree = "<group>";
		};
		0CCD670F065EE7254EDCE07A /* Frameworks */ = {
			isa = PBXGroup;
			children = (
				3FFFD01AEFF3455253C3E138 /* Pods_TapPlace.framework */,
			);
			name = Frameworks;
			sourceTree = "<group>";
		};
		DF2340CB28A22DDB00A9DAE1 /* Button */ = {
			isa = PBXGroup;
			children = (
				DF2340CC28A22DF900A9DAE1 /* BottomButton.swift */,
			);
			path = Button;
			sourceTree = "<group>";
		};
		DF38176E28A46EE000B900B5 /* Common */ = {
			isa = PBXGroup;
			children = (
				DF38176F28A46EF100B900B5 /* CommonPickViewController.swift */,
			);
			path = Common;
			sourceTree = "<group>";
		};
		DF49AD8B28A0AB15004EDC34 /* Configurations */ = {
			isa = PBXGroup;
			children = (
				DF49AD8C28A0AB2A004EDC34 /* Debug.xcconfig */,
				DF49AD8D28A0AB3F004EDC34 /* Production.xcconfig */,
			);
			path = Configurations;
			sourceTree = "<group>";
		};
		DFC23F89289AB66400EC1090 = {
			isa = PBXGroup;
			children = (
				DFC23F94289AB66400EC1090 /* TapPlace */,
				DFC23F93289AB66400EC1090 /* Products */,
				01A2DED080638619BC75DAE2 /* Pods */,
				0CCD670F065EE7254EDCE07A /* Frameworks */,
			);
			sourceTree = "<group>";
		};
		DFC23F93289AB66400EC1090 /* Products */ = {
			isa = PBXGroup;
			children = (
				DFC23F92289AB66400EC1090 /* TapPlace.app */,
			);
			name = Products;
			sourceTree = "<group>";
		};
		DFC23F94289AB66400EC1090 /* TapPlace */ = {
			isa = PBXGroup;
			children = (
				DFC23FAB289AB69D00EC1090 /* Sources */,
				DFC23FA9289AB66C00EC1090 /* Resources */,
				DFC23FA3289AB66600EC1090 /* Info.plist */,
			);
			path = TapPlace;
			sourceTree = "<group>";
		};
		DFC23FA9289AB66C00EC1090 /* Resources */ = {
			isa = PBXGroup;
			children = (
				F425EEC928A25087002A20FC /* dog.jpeg */,
				F425EECB28A29EEF002A20FC /* dog2.jpeg */,
				F425EECC28A29EF0002A20FC /* dog3.jpeg */,
				DF49AD8B28A0AB15004EDC34 /* Configurations */,
				DFC23FAA289AB68400EC1090 /* Storyboards */,
				DFC23F95289AB66400EC1090 /* AppDelegate.swift */,
				DFC23F97289AB66400EC1090 /* SceneDelegate.swift */,
				DFC23F9E289AB66600EC1090 /* Assets.xcassets */,
			);
			path = Resources;
			sourceTree = "<group>";
		};
		DFC23FAA289AB68400EC1090 /* Storyboards */ = {
			isa = PBXGroup;
			children = (
				DFC23FA0289AB66600EC1090 /* LaunchScreen.storyboard */,
			);
			path = Storyboards;
			sourceTree = "<group>";
		};
		DFC23FAB289AB69D00EC1090 /* Sources */ = {
			isa = PBXGroup;
			children = (
				DF38176E28A46EE000B900B5 /* Common */,
				DFDA43F728A14C56003763AC /* Utils */,
				DFC23FBC289AB70F00EC1090 /* Cells */,
				DFC23FB9289AB70300EC1090 /* Extensions */,
				DFC23FB6289AB6F400EC1090 /* Views */,
				DFC23FB3289AB6E800EC1090 /* Network */,
				DFC23FB0289AB6CD00EC1090 /* ViewModels */,
				DFC23FAD289AB6BC00EC1090 /* Models */,
				DFC23FAC289AB6AA00EC1090 /* ViewControllers */,
			);
			path = Sources;
			sourceTree = "<group>";
		};
		DFC23FAC289AB6AA00EC1090 /* ViewControllers */ = {
			isa = PBXGroup;
			children = (
				DFC23F99289AB66400EC1090 /* ViewController.swift */,
				DF826697289CA0EC00272830 /* SplashViewController.swift */,
				DF826699289CA10800272830 /* OnBoardingViewController.swift */,
				DF82669B289CA11700272830 /* PickPaymentsViewController.swift */,
				DF2340D428A291B700A9DAE1 /* PickStoresViewController.swift */,
				DF82669D289CA12800272830 /* MainViewController.swift */,
				DF82669F289CA15100272830 /* PlaceSearchViewController.swift */,
				DF8266A1289CA17700272830 /* DetailPlaceViewController.swift */,
				DF8266A3289CA18300272830 /* AddPlaceViewController.swift */,
				DF8266A5289CA18C00272830 /* MyPageViewController.swift */,
			);
			path = ViewControllers;
			sourceTree = "<group>";
		};
		DFC23FAD289AB6BC00EC1090 /* Models */ = {
			isa = PBXGroup;
			children = (
				DFC23FAE289AB6C900EC1090 /* EmptyModel.swift */,
				DF2340D228A270C700A9DAE1 /* PaymentModel.swift */,
				DF1D34B628A3662900BDDA15 /* StoreModel.swift */,
			);
			path = Models;
			sourceTree = "<group>";
		};
		DFC23FB0289AB6CD00EC1090 /* ViewModels */ = {
			isa = PBXGroup;
			children = (
				DFC23FB1289AB6E400EC1090 /* EmptyViewModel.swift */,
			);
			path = ViewModels;
			sourceTree = "<group>";
		};
		DFC23FB3289AB6E800EC1090 /* Network */ = {
			isa = PBXGroup;
			children = (
				DFC23FB4289AB6F000EC1090 /* EmptyNetwork.swift */,
				DF8266A7289F1D0D00272830 /* PlaceDataService.swift */,
			);
			path = Network;
			sourceTree = "<group>";
		};
		DFC23FB6289AB6F400EC1090 /* Views */ = {
			isa = PBXGroup;
			children = (
				DF2340CB28A22DDB00A9DAE1 /* Button */,
				DFC23FB7289AB6FF00EC1090 /* EmptyView.swift */,
				DFDA43F528A14AB3003763AC /* PickViewControllerTitleView.swift */,
			);
			path = Views;
			sourceTree = "<group>";
		};
		DFC23FB9289AB70300EC1090 /* Extensions */ = {
			isa = PBXGroup;
			children = (
				DFC23FBA289AB70C00EC1090 /* EmptyExtension.swift */,
				DFDC182E289FE8A70076EE2E /* UserDefaults+Extension.swift */,
				DFDA43F328A14821003763AC /* UIColor+Extension.swift */,
				DF2340A928A1D37D00A9DAE1 /* NSMutableAttributedString+Extension.swift */,
			);
			path = Extensions;
			sourceTree = "<group>";
		};
		DFC23FBC289AB70F00EC1090 /* Cells */ = {
			isa = PBXGroup;
			children = (
				DFC23FBD289AB71800EC1090 /* EmptyCell.swift */,
				DF2340CE28A2381700A9DAE1 /* PickPaymentsCollectionViewCell.swift */,
				DF2340D028A239FC00A9DAE1 /* PickPaymentsCollectionReusableView.swift */,
				DF1D34B428A364B900BDDA15 /* PickStoresCollectionViewCell.swift */,
			);
			path = Cells;
			sourceTree = "<group>";
		};
		DFDA43F728A14C56003763AC /* Utils */ = {
			isa = PBXGroup;
			children = (
				DFDA43F828A14C61003763AC /* CommonUtils.swift */,
			);
			path = Utils;
			sourceTree = "<group>";
		};
/* End PBXGroup section */

/* Begin PBXNativeTarget section */
		DFC23F91289AB66400EC1090 /* TapPlace */ = {
			isa = PBXNativeTarget;
			buildConfigurationList = DFC23FA6289AB66600EC1090 /* Build configuration list for PBXNativeTarget "TapPlace" */;
			buildPhases = (
				7DD79DF42FC6070301FCABEF /* [CP] Check Pods Manifest.lock */,
				DFC23F8E289AB66400EC1090 /* Sources */,
				DFC23F8F289AB66400EC1090 /* Frameworks */,
				DFC23F90289AB66400EC1090 /* Resources */,
				1B63AABEF56873C0664088BB /* [CP] Embed Pods Frameworks */,
			);
			buildRules = (
			);
			dependencies = (
			);
			name = TapPlace;
			productName = TapPlace;
			productReference = DFC23F92289AB66400EC1090 /* TapPlace.app */;
			productType = "com.apple.product-type.application";
		};
/* End PBXNativeTarget section */

/* Begin PBXProject section */
		DFC23F8A289AB66400EC1090 /* Project object */ = {
			isa = PBXProject;
			attributes = {
				BuildIndependentTargetsInParallel = 1;
				LastSwiftUpdateCheck = 1340;
				LastUpgradeCheck = 1340;
				TargetAttributes = {
					DFC23F91289AB66400EC1090 = {
						CreatedOnToolsVersion = 13.4.1;
					};
				};
			};
			buildConfigurationList = DFC23F8D289AB66400EC1090 /* Build configuration list for PBXProject "TapPlace" */;
			compatibilityVersion = "Xcode 13.0";
			developmentRegion = en;
			hasScannedForEncodings = 0;
			knownRegions = (
				en,
				Base,
			);
			mainGroup = DFC23F89289AB66400EC1090;
			productRefGroup = DFC23F93289AB66400EC1090 /* Products */;
			projectDirPath = "";
			projectRoot = "";
			targets = (
				DFC23F91289AB66400EC1090 /* TapPlace */,
			);
		};
/* End PBXProject section */

/* Begin PBXResourcesBuildPhase section */
		DFC23F90289AB66400EC1090 /* Resources */ = {
			isa = PBXResourcesBuildPhase;
			buildActionMask = 2147483647;
			files = (
				F425EECE28A29EF0002A20FC /* dog3.jpeg in Resources */,
				DFC23FA2289AB66600EC1090 /* LaunchScreen.storyboard in Resources */,
				F425EECD28A29EF0002A20FC /* dog2.jpeg in Resources */,
				F425EECA28A25087002A20FC /* dog.jpeg in Resources */,
				DFC23F9F289AB66600EC1090 /* Assets.xcassets in Resources */,
			);
			runOnlyForDeploymentPostprocessing = 0;
		};
/* End PBXResourcesBuildPhase section */

/* Begin PBXShellScriptBuildPhase section */
		1B63AABEF56873C0664088BB /* [CP] Embed Pods Frameworks */ = {
			isa = PBXShellScriptBuildPhase;
			buildActionMask = 2147483647;
			files = (
			);
			inputFileListPaths = (
				"${PODS_ROOT}/Target Support Files/Pods-TapPlace/Pods-TapPlace-frameworks-${CONFIGURATION}-input-files.xcfilelist",
			);
			name = "[CP] Embed Pods Frameworks";
			outputFileListPaths = (
				"${PODS_ROOT}/Target Support Files/Pods-TapPlace/Pods-TapPlace-frameworks-${CONFIGURATION}-output-files.xcfilelist",
			);
			runOnlyForDeploymentPostprocessing = 0;
			shellPath = /bin/sh;
			shellScript = "\"${PODS_ROOT}/Target Support Files/Pods-TapPlace/Pods-TapPlace-frameworks.sh\"\n";
			showEnvVarsInLog = 0;
		};
		7DD79DF42FC6070301FCABEF /* [CP] Check Pods Manifest.lock */ = {
			isa = PBXShellScriptBuildPhase;
			buildActionMask = 2147483647;
			files = (
			);
			inputFileListPaths = (
			);
			inputPaths = (
				"${PODS_PODFILE_DIR_PATH}/Podfile.lock",
				"${PODS_ROOT}/Manifest.lock",
			);
			name = "[CP] Check Pods Manifest.lock";
			outputFileListPaths = (
			);
			outputPaths = (
				"$(DERIVED_FILE_DIR)/Pods-TapPlace-checkManifestLockResult.txt",
			);
			runOnlyForDeploymentPostprocessing = 0;
			shellPath = /bin/sh;
			shellScript = "diff \"${PODS_PODFILE_DIR_PATH}/Podfile.lock\" \"${PODS_ROOT}/Manifest.lock\" > /dev/null\nif [ $? != 0 ] ; then\n    # print error to STDERR\n    echo \"error: The sandbox is not in sync with the Podfile.lock. Run 'pod install' or update your CocoaPods installation.\" >&2\n    exit 1\nfi\n# This output is used by Xcode 'outputs' to avoid re-running this script phase.\necho \"SUCCESS\" > \"${SCRIPT_OUTPUT_FILE_0}\"\n";
			showEnvVarsInLog = 0;
		};
/* End PBXShellScriptBuildPhase section */

/* Begin PBXSourcesBuildPhase section */
		DFC23F8E289AB66400EC1090 /* Sources */ = {
			isa = PBXSourcesBuildPhase;
			buildActionMask = 2147483647;
			files = (
				DFDA43F628A14AB3003763AC /* PickViewControllerTitleView.swift in Sources */,
				DF82669C289CA11700272830 /* PickPaymentsViewController.swift in Sources */,
				DF82669E289CA12800272830 /* MainViewController.swift in Sources */,
				DFC23F9A289AB66400EC1090 /* ViewController.swift in Sources */,
				DFC23F96289AB66400EC1090 /* AppDelegate.swift in Sources */,
				DF8266A4289CA18300272830 /* AddPlaceViewController.swift in Sources */,
				DF2340CD28A22DF900A9DAE1 /* BottomButton.swift in Sources */,
				DFC23FB2289AB6E500EC1090 /* EmptyViewModel.swift in Sources */,
				DFDA43F428A14821003763AC /* UIColor+Extension.swift in Sources */,
				DFC23FBB289AB70C00EC1090 /* EmptyExtension.swift in Sources */,
				DFC23F98289AB66400EC1090 /* SceneDelegate.swift in Sources */,
				DFC23FB5289AB6F000EC1090 /* EmptyNetwork.swift in Sources */,
				DF2340D328A270C700A9DAE1 /* PaymentModel.swift in Sources */,
				DF8266A8289F1D0D00272830 /* PlaceDataService.swift in Sources */,
				DFC23FB8289AB6FF00EC1090 /* EmptyView.swift in Sources */,
				DFDC182F289FE8A70076EE2E /* UserDefaults+Extension.swift in Sources */,
				DF2340CF28A2381700A9DAE1 /* PickPaymentsCollectionViewCell.swift in Sources */,
				DF2340AA28A1D37D00A9DAE1 /* NSMutableAttributedString+Extension.swift in Sources */,
				DFDA43F928A14C61003763AC /* CommonUtils.swift in Sources */,
				DF2340D528A291B700A9DAE1 /* PickStoresViewController.swift in Sources */,
				DF38177028A46EF100B900B5 /* CommonPickViewController.swift in Sources */,
				DF8266A6289CA18C00272830 /* MyPageViewController.swift in Sources */,
				DFC23FAF289AB6C900EC1090 /* EmptyModel.swift in Sources */,
				DF8266A0289CA15100272830 /* PlaceSearchViewController.swift in Sources */,
				DFC23FBE289AB71800EC1090 /* EmptyCell.swift in Sources */,
				DF826698289CA0EC00272830 /* SplashViewController.swift in Sources */,
				DF82669A289CA10800272830 /* OnBoardingViewController.swift in Sources */,
				DF1D34B528A364B900BDDA15 /* PickStoresCollectionViewCell.swift in Sources */,
				DF8266A2289CA17700272830 /* DetailPlaceViewController.swift in Sources */,
				DF2340D128A239FC00A9DAE1 /* PickPaymentsCollectionReusableView.swift in Sources */,
				DF1D34B728A3662900BDDA15 /* StoreModel.swift in Sources */,
			);
			runOnlyForDeploymentPostprocessing = 0;
		};
/* End PBXSourcesBuildPhase section */

/* Begin PBXVariantGroup section */
		DFC23FA0289AB66600EC1090 /* LaunchScreen.storyboard */ = {
			isa = PBXVariantGroup;
			children = (
				DFC23FA1289AB66600EC1090 /* Base */,
			);
			name = LaunchScreen.storyboard;
			sourceTree = "<group>";
		};
/* End PBXVariantGroup section */

/* Begin XCBuildConfiguration section */
		DFC23FA4289AB66600EC1090 /* Debug */ = {
			isa = XCBuildConfiguration;
			buildSettings = {
				ALWAYS_SEARCH_USER_PATHS = NO;
				CLANG_ANALYZER_NONNULL = YES;
				CLANG_ANALYZER_NUMBER_OBJECT_CONVERSION = YES_AGGRESSIVE;
				CLANG_CXX_LANGUAGE_STANDARD = "gnu++17";
				CLANG_ENABLE_MODULES = YES;
				CLANG_ENABLE_OBJC_ARC = YES;
				CLANG_ENABLE_OBJC_WEAK = YES;
				CLANG_WARN_BLOCK_CAPTURE_AUTORELEASING = YES;
				CLANG_WARN_BOOL_CONVERSION = YES;
				CLANG_WARN_COMMA = YES;
				CLANG_WARN_CONSTANT_CONVERSION = YES;
				CLANG_WARN_DEPRECATED_OBJC_IMPLEMENTATIONS = YES;
				CLANG_WARN_DIRECT_OBJC_ISA_USAGE = YES_ERROR;
				CLANG_WARN_DOCUMENTATION_COMMENTS = YES;
				CLANG_WARN_EMPTY_BODY = YES;
				CLANG_WARN_ENUM_CONVERSION = YES;
				CLANG_WARN_INFINITE_RECURSION = YES;
				CLANG_WARN_INT_CONVERSION = YES;
				CLANG_WARN_NON_LITERAL_NULL_CONVERSION = YES;
				CLANG_WARN_OBJC_IMPLICIT_RETAIN_SELF = YES;
				CLANG_WARN_OBJC_LITERAL_CONVERSION = YES;
				CLANG_WARN_OBJC_ROOT_CLASS = YES_ERROR;
				CLANG_WARN_QUOTED_INCLUDE_IN_FRAMEWORK_HEADER = YES;
				CLANG_WARN_RANGE_LOOP_ANALYSIS = YES;
				CLANG_WARN_STRICT_PROTOTYPES = YES;
				CLANG_WARN_SUSPICIOUS_MOVE = YES;
				CLANG_WARN_UNGUARDED_AVAILABILITY = YES_AGGRESSIVE;
				CLANG_WARN_UNREACHABLE_CODE = YES;
				CLANG_WARN__DUPLICATE_METHOD_MATCH = YES;
				COPY_PHASE_STRIP = NO;
				DEBUG_INFORMATION_FORMAT = dwarf;
				ENABLE_STRICT_OBJC_MSGSEND = YES;
				ENABLE_TESTABILITY = YES;
				GCC_C_LANGUAGE_STANDARD = gnu11;
				GCC_DYNAMIC_NO_PIC = NO;
				GCC_NO_COMMON_BLOCKS = YES;
				GCC_OPTIMIZATION_LEVEL = 0;
				GCC_PREPROCESSOR_DEFINITIONS = (
					"DEBUG=1",
					"$(inherited)",
				);
				GCC_WARN_64_TO_32_BIT_CONVERSION = YES;
				GCC_WARN_ABOUT_RETURN_TYPE = YES_ERROR;
				GCC_WARN_UNDECLARED_SELECTOR = YES;
				GCC_WARN_UNINITIALIZED_AUTOS = YES_AGGRESSIVE;
				GCC_WARN_UNUSED_FUNCTION = YES;
				GCC_WARN_UNUSED_VARIABLE = YES;
				IPHONEOS_DEPLOYMENT_TARGET = 13.0;
				MTL_ENABLE_DEBUG_INFO = INCLUDE_SOURCE;
				MTL_FAST_MATH = YES;
				ONLY_ACTIVE_ARCH = YES;
				SDKROOT = iphoneos;
				SWIFT_ACTIVE_COMPILATION_CONDITIONS = DEBUG;
				SWIFT_OPTIMIZATION_LEVEL = "-Onone";
			};
			name = Debug;
		};
		DFC23FA5289AB66600EC1090 /* Release */ = {
			isa = XCBuildConfiguration;
			buildSettings = {
				ALWAYS_SEARCH_USER_PATHS = NO;
				CLANG_ANALYZER_NONNULL = YES;
				CLANG_ANALYZER_NUMBER_OBJECT_CONVERSION = YES_AGGRESSIVE;
				CLANG_CXX_LANGUAGE_STANDARD = "gnu++17";
				CLANG_ENABLE_MODULES = YES;
				CLANG_ENABLE_OBJC_ARC = YES;
				CLANG_ENABLE_OBJC_WEAK = YES;
				CLANG_WARN_BLOCK_CAPTURE_AUTORELEASING = YES;
				CLANG_WARN_BOOL_CONVERSION = YES;
				CLANG_WARN_COMMA = YES;
				CLANG_WARN_CONSTANT_CONVERSION = YES;
				CLANG_WARN_DEPRECATED_OBJC_IMPLEMENTATIONS = YES;
				CLANG_WARN_DIRECT_OBJC_ISA_USAGE = YES_ERROR;
				CLANG_WARN_DOCUMENTATION_COMMENTS = YES;
				CLANG_WARN_EMPTY_BODY = YES;
				CLANG_WARN_ENUM_CONVERSION = YES;
				CLANG_WARN_INFINITE_RECURSION = YES;
				CLANG_WARN_INT_CONVERSION = YES;
				CLANG_WARN_NON_LITERAL_NULL_CONVERSION = YES;
				CLANG_WARN_OBJC_IMPLICIT_RETAIN_SELF = YES;
				CLANG_WARN_OBJC_LITERAL_CONVERSION = YES;
				CLANG_WARN_OBJC_ROOT_CLASS = YES_ERROR;
				CLANG_WARN_QUOTED_INCLUDE_IN_FRAMEWORK_HEADER = YES;
				CLANG_WARN_RANGE_LOOP_ANALYSIS = YES;
				CLANG_WARN_STRICT_PROTOTYPES = YES;
				CLANG_WARN_SUSPICIOUS_MOVE = YES;
				CLANG_WARN_UNGUARDED_AVAILABILITY = YES_AGGRESSIVE;
				CLANG_WARN_UNREACHABLE_CODE = YES;
				CLANG_WARN__DUPLICATE_METHOD_MATCH = YES;
				COPY_PHASE_STRIP = NO;
				DEBUG_INFORMATION_FORMAT = "dwarf-with-dsym";
				ENABLE_NS_ASSERTIONS = NO;
				ENABLE_STRICT_OBJC_MSGSEND = YES;
				GCC_C_LANGUAGE_STANDARD = gnu11;
				GCC_NO_COMMON_BLOCKS = YES;
				GCC_WARN_64_TO_32_BIT_CONVERSION = YES;
				GCC_WARN_ABOUT_RETURN_TYPE = YES_ERROR;
				GCC_WARN_UNDECLARED_SELECTOR = YES;
				GCC_WARN_UNINITIALIZED_AUTOS = YES_AGGRESSIVE;
				GCC_WARN_UNUSED_FUNCTION = YES;
				GCC_WARN_UNUSED_VARIABLE = YES;
				IPHONEOS_DEPLOYMENT_TARGET = 13.0;
				MTL_ENABLE_DEBUG_INFO = NO;
				MTL_FAST_MATH = YES;
				SDKROOT = iphoneos;
				SWIFT_COMPILATION_MODE = wholemodule;
				SWIFT_OPTIMIZATION_LEVEL = "-O";
				VALIDATE_PRODUCT = YES;
			};
			name = Release;
		};
		DFC23FA7289AB66600EC1090 /* Debug */ = {
			isa = XCBuildConfiguration;
			baseConfigurationReference = DF49AD8C28A0AB2A004EDC34 /* Debug.xcconfig */;
			buildSettings = {
				ASSETCATALOG_COMPILER_APPICON_NAME = AppIcon;
				ASSETCATALOG_COMPILER_GLOBAL_ACCENT_COLOR_NAME = AccentColor;
				CODE_SIGN_STYLE = Automatic;
				CURRENT_PROJECT_VERSION = 1;
				DEVELOPMENT_TEAM = BFTA9SX898;
				GENERATE_INFOPLIST_FILE = YES;
				INFOPLIST_FILE = TapPlace/Info.plist;
				INFOPLIST_KEY_NSLocationWhenInUseUsageDescription = "위치정보 제공을 허용하시겠습니까?";
				INFOPLIST_KEY_UIApplicationSupportsIndirectInputEvents = YES;
				INFOPLIST_KEY_UILaunchStoryboardName = LaunchScreen;
				INFOPLIST_KEY_UISupportedInterfaceOrientations_iPad = "UIInterfaceOrientationPortrait UIInterfaceOrientationPortraitUpsideDown UIInterfaceOrientationLandscapeLeft UIInterfaceOrientationLandscapeRight";
				INFOPLIST_KEY_UISupportedInterfaceOrientations_iPhone = "UIInterfaceOrientationPortrait UIInterfaceOrientationLandscapeLeft UIInterfaceOrientationLandscapeRight";
				IPHONEOS_DEPLOYMENT_TARGET = 13.0;
				LD_RUNPATH_SEARCH_PATHS = (
					"$(inherited)",
					"@executable_path/Frameworks",
				);
				MARKETING_VERSION = 1.0;
				PRODUCT_BUNDLE_IDENTIFIER = kr.co.tapplace.TapPlace;
				PRODUCT_NAME = "$(TARGET_NAME)";
				SWIFT_EMIT_LOC_STRINGS = YES;
				SWIFT_VERSION = 5.0;
				TARGETED_DEVICE_FAMILY = "1,2";
			};
			name = Debug;
		};
		DFC23FA8289AB66600EC1090 /* Release */ = {
			isa = XCBuildConfiguration;
			baseConfigurationReference = DF49AD8D28A0AB3F004EDC34 /* Production.xcconfig */;
			buildSettings = {
				ASSETCATALOG_COMPILER_APPICON_NAME = AppIcon;
				ASSETCATALOG_COMPILER_GLOBAL_ACCENT_COLOR_NAME = AccentColor;
				CODE_SIGN_STYLE = Automatic;
				CURRENT_PROJECT_VERSION = 1;
				DEVELOPMENT_TEAM = BFTA9SX898;
				GENERATE_INFOPLIST_FILE = YES;
				INFOPLIST_FILE = TapPlace/Info.plist;
				INFOPLIST_KEY_NSLocationWhenInUseUsageDescription = "위치정보 제공을 허용하시겠습니까?";
				INFOPLIST_KEY_UIApplicationSupportsIndirectInputEvents = YES;
				INFOPLIST_KEY_UILaunchStoryboardName = LaunchScreen;
				INFOPLIST_KEY_UISupportedInterfaceOrientations_iPad = "UIInterfaceOrientationPortrait UIInterfaceOrientationPortraitUpsideDown UIInterfaceOrientationLandscapeLeft UIInterfaceOrientationLandscapeRight";
				INFOPLIST_KEY_UISupportedInterfaceOrientations_iPhone = "UIInterfaceOrientationPortrait UIInterfaceOrientationLandscapeLeft UIInterfaceOrientationLandscapeRight";
				IPHONEOS_DEPLOYMENT_TARGET = 13.0;
				LD_RUNPATH_SEARCH_PATHS = (
					"$(inherited)",
					"@executable_path/Frameworks",
				);
				MARKETING_VERSION = 1.0;
				PRODUCT_BUNDLE_IDENTIFIER = kr.co.tapplace.TapPlace;
				PRODUCT_NAME = "$(TARGET_NAME)";
				SWIFT_EMIT_LOC_STRINGS = YES;
				SWIFT_VERSION = 5.0;
				TARGETED_DEVICE_FAMILY = "1,2";
			};
			name = Release;
		};
/* End XCBuildConfiguration section */

/* Begin XCConfigurationList section */
		DFC23F8D289AB66400EC1090 /* Build configuration list for PBXProject "TapPlace" */ = {
			isa = XCConfigurationList;
			buildConfigurations = (
				DFC23FA4289AB66600EC1090 /* Debug */,
				DFC23FA5289AB66600EC1090 /* Release */,
			);
			defaultConfigurationIsVisible = 0;
			defaultConfigurationName = Release;
		};
		DFC23FA6289AB66600EC1090 /* Build configuration list for PBXNativeTarget "TapPlace" */ = {
			isa = XCConfigurationList;
			buildConfigurations = (
				DFC23FA7289AB66600EC1090 /* Debug */,
				DFC23FA8289AB66600EC1090 /* Release */,
			);
			defaultConfigurationIsVisible = 0;
			defaultConfigurationName = Release;
		};
/* End XCConfigurationList section */
	};
	rootObject = DFC23F8A289AB66400EC1090 /* Project object */;
}
